
Microsoft Visual Studio Solution File, Format Version 12.00
# Visual Studio Version 16
VisualStudioVersion = 16.0.29326.143
MinimumVisualStudioVersion = 10.0.40219.1
Project("{2150E333-8FDC-42A3-9474-1A3956D46DE8}") = "Solution Items", "Solution Items", "{A34A17C3-CF8A-491A-93C5-ABDE27ECBACB}"
	ProjectSection(SolutionItems) = preProject
		NuGet.config = NuGet.config
		README.md = README.md
		nupkg\share.ps1 = nupkg\share.ps1
	EndProjectSection
EndProject
Project("{9A19103F-16F7-4668-BE54-9A1E7A4F7556}") = "ServiceStack.OrmLite.Custom", "ServiceStack.OrmLite\ServiceStack.OrmLite.Custom.csproj", "{A845FB62-C295-4EE7-AA33-9304C1BA8D0D}"
EndProject
Project("{9A19103F-16F7-4668-BE54-9A1E7A4F7556}") = "ServiceStack.OrmLite.MySql.Custom", "ServiceStack.OrmLite.MySql\ServiceStack.OrmLite.MySql.Custom.csproj", "{51691D3F-207C-4CAB-8874-D38F888D7127}"
EndProject
Project("{9A19103F-16F7-4668-BE54-9A1E7A4F7556}") = "ServiceStack.OrmLite.PostgreSQL.Custom", "ServiceStack.OrmLite.PostgreSQL\ServiceStack.OrmLite.PostgreSQL.Custom.csproj", "{FE21B18A-6089-4160-803C-46A66FD942BB}"
EndProject
Project("{9A19103F-16F7-4668-BE54-9A1E7A4F7556}") = "ServiceStack.OrmLite.Sqlite.Custom", "ServiceStack.OrmLite.Sqlite\ServiceStack.OrmLite.Sqlite.Custom.csproj", "{25AE7957-9613-4BA3-A2F9-4F639DB84734}"
EndProject
Project("{9A19103F-16F7-4668-BE54-9A1E7A4F7556}") = "ServiceStack.OrmLite.SqlServer.Custom", "ServiceStack.OrmLite.SqlServer\ServiceStack.OrmLite.SqlServer.Custom.csproj", "{03494861-E3B5-4729-8231-E1F54C1C1907}"
EndProject
Project("{2150E333-8FDC-42A3-9474-1A3956D46DE8}") = "ps", "ps", "{DC2E1673-C21F-4297-B16A-7D53794E6CC8}"
	ProjectSection(SolutionItems) = preProject
		nupkg\incre_ver.ps1 = nupkg\incre_ver.ps1
		nupkg\pack.ps1 = nupkg\pack.ps1
	EndProjectSection
EndProject
Project("{2150E333-8FDC-42A3-9474-1A3956D46DE8}") = "test", "test", "{C80E9DFB-14D6-47F9-8E43-51A10500A7A8}"
EndProject
Project("{2150E333-8FDC-42A3-9474-1A3956D46DE8}") = "src", "src", "{E1537658-6809-4028-BCDD-FA815E90D58B}"
EndProject
Project("{9A19103F-16F7-4668-BE54-9A1E7A4F7556}") = "ServiceStack.OrmLite.Oracle.Custom", "ServiceStack.OrmLite.Oracle\ServiceStack.OrmLite.Oracle.Custom.csproj", "{B1E3D548-E157-4FB7-B6BA-3675DD148E23}"
EndProject
Global
	GlobalSection(SolutionConfigurationPlatforms) = preSolution
		Debug|Any CPU = Debug|Any CPU
		Release|Any CPU = Release|Any CPU
	EndGlobalSection
	GlobalSection(ProjectConfigurationPlatforms) = postSolution
		{A845FB62-C295-4EE7-AA33-9304C1BA8D0D}.Debug|Any CPU.ActiveCfg = Debug|Any CPU
		{A845FB62-C295-4EE7-AA33-9304C1BA8D0D}.Debug|Any CPU.Build.0 = Debug|Any CPU
		{A845FB62-C295-4EE7-AA33-9304C1BA8D0D}.Release|Any CPU.ActiveCfg = Release|Any CPU
		{A845FB62-C295-4EE7-AA33-9304C1BA8D0D}.Release|Any CPU.Build.0 = Release|Any CPU
		{51691D3F-207C-4CAB-8874-D38F888D7127}.Debug|Any CPU.ActiveCfg = Debug|Any CPU
		{51691D3F-207C-4CAB-8874-D38F888D7127}.Debug|Any CPU.Build.0 = Debug|Any CPU
		{51691D3F-207C-4CAB-8874-D38F888D7127}.Release|Any CPU.ActiveCfg = Release|Any CPU
		{51691D3F-207C-4CAB-8874-D38F888D7127}.Release|Any CPU.Build.0 = Release|Any CPU
		{FE21B18A-6089-4160-803C-46A66FD942BB}.Debug|Any CPU.ActiveCfg = Debug|Any CPU
		{FE21B18A-6089-4160-803C-46A66FD942BB}.Debug|Any CPU.Build.0 = Debug|Any CPU
		{FE21B18A-6089-4160-803C-46A66FD942BB}.Release|Any CPU.ActiveCfg = Release|Any CPU
		{FE21B18A-6089-4160-803C-46A66FD942BB}.Release|Any CPU.Build.0 = Release|Any CPU
		{25AE7957-9613-4BA3-A2F9-4F639DB84734}.Debug|Any CPU.ActiveCfg = Debug|Any CPU
		{25AE7957-9613-4BA3-A2F9-4F639DB84734}.Debug|Any CPU.Build.0 = Debug|Any CPU
		{25AE7957-9613-4BA3-A2F9-4F639DB84734}.Release|Any CPU.ActiveCfg = Release|Any CPU
		{25AE7957-9613-4BA3-A2F9-4F639DB84734}.Release|Any CPU.Build.0 = Release|Any CPU
		{03494861-E3B5-4729-8231-E1F54C1C1907}.Debug|Any CPU.ActiveCfg = Debug|Any CPU
		{03494861-E3B5-4729-8231-E1F54C1C1907}.Debug|Any CPU.Build.0 = Debug|Any CPU
		{03494861-E3B5-4729-8231-E1F54C1C1907}.Release|Any CPU.ActiveCfg = Release|Any CPU
		{03494861-E3B5-4729-8231-E1F54C1C1907}.Release|Any CPU.Build.0 = Release|Any CPU
		{B1E3D548-E157-4FB7-B6BA-3675DD148E23}.Debug|Any CPU.ActiveCfg = Debug|Any CPU
		{B1E3D548-E157-4FB7-B6BA-3675DD148E23}.Debug|Any CPU.Build.0 = Debug|Any CPU
		{B1E3D548-E157-4FB7-B6BA-3675DD148E23}.Release|Any CPU.ActiveCfg = Release|Any CPU
		{B1E3D548-E157-4FB7-B6BA-3675DD148E23}.Release|Any CPU.Build.0 = Release|Any CPU
	EndGlobalSection
	GlobalSection(SolutionProperties) = preSolution
		HideSolutionNode = FALSE
	EndGlobalSection
	GlobalSection(NestedProjects) = preSolution
		{A845FB62-C295-4EE7-AA33-9304C1BA8D0D} = {E1537658-6809-4028-BCDD-FA815E90D58B}
		{51691D3F-207C-4CAB-8874-D38F888D7127} = {E1537658-6809-4028-BCDD-FA815E90D58B}
		{FE21B18A-6089-4160-803C-46A66FD942BB} = {E1537658-6809-4028-BCDD-FA815E90D58B}
		{25AE7957-9613-4BA3-A2F9-4F639DB84734} = {E1537658-6809-4028-BCDD-FA815E90D58B}
		{03494861-E3B5-4729-8231-E1F54C1C1907} = {E1537658-6809-4028-BCDD-FA815E90D58B}
		{DC2E1673-C21F-4297-B16A-7D53794E6CC8} = {A34A17C3-CF8A-491A-93C5-ABDE27ECBACB}
		{B1E3D548-E157-4FB7-B6BA-3675DD148E23} = {E1537658-6809-4028-BCDD-FA815E90D58B}
	EndGlobalSection
	GlobalSection(ExtensibilityGlobals) = postSolution
		SolutionGuid = {A8ABB718-B200-438A-8C51-18280C33E805}
	EndGlobalSection
EndGlobal
