
Microsoft Visual Studio Solution File, Format Version 12.00
# Visual Studio Version 16
VisualStudioVersion = 16.0.29326.143
MinimumVisualStudioVersion = 10.0.40219.1
Project("{2150E333-8FDC-42A3-9474-1A3956D46DE8}") = "src", "src", "{ABBD6045-5447-4C9B-AF77-E9ACF4EE2641}"
EndProject
Project("{2150E333-8FDC-42A3-9474-1A3956D46DE8}") = "Solution Items", "Solution Items", "{E25A1CA7-1304-44D5-89BD-170AE8F0DED4}"
	ProjectSection(SolutionItems) = preProject
		NuGet.config = NuGet.config
		README.md = README.md
	EndProjectSection
EndProject
Project("{9A19103F-16F7-4668-BE54-9A1E7A4F7556}") = "FclEx", "src\FclEx\FclEx.csproj", "{C69BFE99-48DF-4508-B479-4ED6B6FD1C7C}"
EndProject
Project("{2150E333-8FDC-42A3-9474-1A3956D46DE8}") = "test", "test", "{F25BD2B5-2E68-4CC8-90F0-6F1C1574D34A}"
EndProject
Project("{9A19103F-16F7-4668-BE54-9A1E7A4F7556}") = "FclEx.Test", "test\FclEx.Test\FclEx.Test.csproj", "{9BFAB3FA-CF18-4B88-9FCE-B0B76A704807}"
EndProject
Project("{9A19103F-16F7-4668-BE54-9A1E7A4F7556}") = "FclEx.Http", "src\FclEx.Http\FclEx.Http.csproj", "{58CD6355-DFEC-4383-B04D-60150270DEA2}"
EndProject
Project("{9A19103F-16F7-4668-BE54-9A1E7A4F7556}") = "FclEx.Http.Test", "test\FclEx.Http.Test\FclEx.Http.Test.csproj", "{E62BB49F-1731-4C68-8654-20D2E49EB0A0}"
EndProject
Project("{2150E333-8FDC-42A3-9474-1A3956D46DE8}") = "benchmark", "benchmark", "{82145F29-EBC3-49B3-A96C-0CA1F040E231}"
EndProject
Project("{D954291E-2A0B-460D-934E-DC6B0785DB48}") = "Microsoft.Experimental.Collections", "src\Microsoft.Experimental.Collections\Microsoft.Experimental.Collections.shproj", "{D80D0F2E-E613-4DAC-9612-C709050A3E8D}"
EndProject
Project("{2150E333-8FDC-42A3-9474-1A3956D46DE8}") = "props", "props", "{D2C9E138-A766-4FEB-9029-A0D5270B7285}"
	ProjectSection(SolutionItems) = preProject
		nupkg\common.props = nupkg\common.props
		nupkg\common.test.props = nupkg\common.test.props
		nupkg\version.props = nupkg\version.props
	EndProjectSection
EndProject
Project("{2150E333-8FDC-42A3-9474-1A3956D46DE8}") = "scripts", "scripts", "{93386705-90E4-4C54-9800-4CCA92A7EC15}"
	ProjectSection(SolutionItems) = preProject
		nupkg\incre_ver.ps1 = nupkg\incre_ver.ps1
		nupkg\pack.ps1 = nupkg\pack.ps1
		nupkg\share.ps1 = nupkg\share.ps1
		nupkg\test_all.ps1 = nupkg\test_all.ps1
	EndProjectSection
EndProject
Project("{D954291E-2A0B-460D-934E-DC6B0785DB48}") = "Combinatorics", "src\Combinatorics\Combinatorics.shproj", "{5C10FC58-CE82-49DB-B22C-C9C560A4E107}"
EndProject
Project("{9A19103F-16F7-4668-BE54-9A1E7A4F7556}") = "FclEx.Xunit", "src\FclEx.Xunit\FclEx.Xunit.csproj", "{B6B0D4F5-8E10-4D7F-8E67-079A3714104F}"
EndProject
Project("{9A19103F-16F7-4668-BE54-9A1E7A4F7556}") = "FclEx.Serilog", "src\FclEx.Serilog\FclEx.Serilog.csproj", "{AAFEBA15-D66E-4CB1-A520-DF42DAD93D79}"
EndProject
Project("{9A19103F-16F7-4668-BE54-9A1E7A4F7556}") = "FclEx.Serilog.Test", "test\FclEx.Serilog.Test\FclEx.Serilog.Test.csproj", "{CB94B9E0-D1D3-4B37-B9E3-47EE4C84B76A}"
EndProject
Project("{9A19103F-16F7-4668-BE54-9A1E7A4F7556}") = "FclEx.Benchmarks", "src\FclEx.Benchmarks\FclEx.Benchmarks.csproj", "{D8A6D90D-42F3-48B0-BEE5-0A08A3EAB07B}"
EndProject
Project("{9A19103F-16F7-4668-BE54-9A1E7A4F7556}") = "FclEx.Wmi", "src\FclEx.Wmi\FclEx.Wmi.csproj", "{7B9B8FCA-B26E-439B-9BFB-6D42B7DDC718}"
EndProject
Project("{9A19103F-16F7-4668-BE54-9A1E7A4F7556}") = "FclEx.Wmi.SourceGenerator", "src\FclEx.Wmi.SourceGenerator\FclEx.Wmi.SourceGenerator.csproj", "{61F3CC36-00D8-4251-89F4-BCE4BE91AC4A}"
EndProject
Project("{FAE04EC0-301F-11D3-BF4B-00C04F79EFBC}") = "FclEx.Wmi.Tests", "test\FclEx.Wmi.Tests\FclEx.Wmi.Tests.csproj", "{F6546BC9-75F6-4D4B-B477-E5DFD6876F46}"
EndProject
Global
	GlobalSection(SharedMSBuildProjectFiles) = preSolution
		src\Combinatorics\Combinatorics.projitems*{5c10fc58-ce82-49db-b22c-c9c560a4e107}*SharedItemsImports = 13
		src\Combinatorics\Combinatorics.projitems*{c69bfe99-48df-4508-b479-4ed6b6fd1c7c}*SharedItemsImports = 5
		src\Microsoft.Experimental.Collections\Microsoft.Experimental.Collections.projitems*{c69bfe99-48df-4508-b479-4ed6b6fd1c7c}*SharedItemsImports = 5
		src\Microsoft.Experimental.Collections\Microsoft.Experimental.Collections.projitems*{d80d0f2e-e613-4dac-9612-c709050a3e8d}*SharedItemsImports = 13
	EndGlobalSection
	GlobalSection(SolutionConfigurationPlatforms) = preSolution
		Debug|Any CPU = Debug|Any CPU
		Release|Any CPU = Release|Any CPU
	EndGlobalSection
	GlobalSection(ProjectConfigurationPlatforms) = postSolution
		{C69BFE99-48DF-4508-B479-4ED6B6FD1C7C}.Debug|Any CPU.ActiveCfg = Debug|Any CPU
		{C69BFE99-48DF-4508-B479-4ED6B6FD1C7C}.Debug|Any CPU.Build.0 = Debug|Any CPU
		{C69BFE99-48DF-4508-B479-4ED6B6FD1C7C}.Release|Any CPU.ActiveCfg = Release|Any CPU
		{C69BFE99-48DF-4508-B479-4ED6B6FD1C7C}.Release|Any CPU.Build.0 = Release|Any CPU
		{9BFAB3FA-CF18-4B88-9FCE-B0B76A704807}.Debug|Any CPU.ActiveCfg = Debug|Any CPU
		{9BFAB3FA-CF18-4B88-9FCE-B0B76A704807}.Debug|Any CPU.Build.0 = Debug|Any CPU
		{9BFAB3FA-CF18-4B88-9FCE-B0B76A704807}.Release|Any CPU.ActiveCfg = Release|Any CPU
		{9BFAB3FA-CF18-4B88-9FCE-B0B76A704807}.Release|Any CPU.Build.0 = Release|Any CPU
		{58CD6355-DFEC-4383-B04D-60150270DEA2}.Debug|Any CPU.ActiveCfg = Debug|Any CPU
		{58CD6355-DFEC-4383-B04D-60150270DEA2}.Debug|Any CPU.Build.0 = Debug|Any CPU
		{58CD6355-DFEC-4383-B04D-60150270DEA2}.Release|Any CPU.ActiveCfg = Release|Any CPU
		{58CD6355-DFEC-4383-B04D-60150270DEA2}.Release|Any CPU.Build.0 = Release|Any CPU
		{E62BB49F-1731-4C68-8654-20D2E49EB0A0}.Debug|Any CPU.ActiveCfg = Debug|Any CPU
		{E62BB49F-1731-4C68-8654-20D2E49EB0A0}.Debug|Any CPU.Build.0 = Debug|Any CPU
		{E62BB49F-1731-4C68-8654-20D2E49EB0A0}.Release|Any CPU.ActiveCfg = Release|Any CPU
		{E62BB49F-1731-4C68-8654-20D2E49EB0A0}.Release|Any CPU.Build.0 = Release|Any CPU
		{B6B0D4F5-8E10-4D7F-8E67-079A3714104F}.Debug|Any CPU.ActiveCfg = Debug|Any CPU
		{B6B0D4F5-8E10-4D7F-8E67-079A3714104F}.Debug|Any CPU.Build.0 = Debug|Any CPU
		{B6B0D4F5-8E10-4D7F-8E67-079A3714104F}.Release|Any CPU.ActiveCfg = Release|Any CPU
		{B6B0D4F5-8E10-4D7F-8E67-079A3714104F}.Release|Any CPU.Build.0 = Release|Any CPU
		{AAFEBA15-D66E-4CB1-A520-DF42DAD93D79}.Debug|Any CPU.ActiveCfg = Debug|Any CPU
		{AAFEBA15-D66E-4CB1-A520-DF42DAD93D79}.Debug|Any CPU.Build.0 = Debug|Any CPU
		{AAFEBA15-D66E-4CB1-A520-DF42DAD93D79}.Release|Any CPU.ActiveCfg = Release|Any CPU
		{AAFEBA15-D66E-4CB1-A520-DF42DAD93D79}.Release|Any CPU.Build.0 = Release|Any CPU
		{CB94B9E0-D1D3-4B37-B9E3-47EE4C84B76A}.Debug|Any CPU.ActiveCfg = Debug|Any CPU
		{CB94B9E0-D1D3-4B37-B9E3-47EE4C84B76A}.Debug|Any CPU.Build.0 = Debug|Any CPU
		{CB94B9E0-D1D3-4B37-B9E3-47EE4C84B76A}.Release|Any CPU.ActiveCfg = Release|Any CPU
		{CB94B9E0-D1D3-4B37-B9E3-47EE4C84B76A}.Release|Any CPU.Build.0 = Release|Any CPU
		{D8A6D90D-42F3-48B0-BEE5-0A08A3EAB07B}.Debug|Any CPU.ActiveCfg = Debug|Any CPU
		{D8A6D90D-42F3-48B0-BEE5-0A08A3EAB07B}.Debug|Any CPU.Build.0 = Debug|Any CPU
		{D8A6D90D-42F3-48B0-BEE5-0A08A3EAB07B}.Release|Any CPU.ActiveCfg = Release|Any CPU
		{D8A6D90D-42F3-48B0-BEE5-0A08A3EAB07B}.Release|Any CPU.Build.0 = Release|Any CPU
		{7B9B8FCA-B26E-439B-9BFB-6D42B7DDC718}.Debug|Any CPU.ActiveCfg = Debug|Any CPU
		{7B9B8FCA-B26E-439B-9BFB-6D42B7DDC718}.Debug|Any CPU.Build.0 = Debug|Any CPU
		{7B9B8FCA-B26E-439B-9BFB-6D42B7DDC718}.Release|Any CPU.ActiveCfg = Release|Any CPU
		{7B9B8FCA-B26E-439B-9BFB-6D42B7DDC718}.Release|Any CPU.Build.0 = Release|Any CPU
		{61F3CC36-00D8-4251-89F4-BCE4BE91AC4A}.Debug|Any CPU.ActiveCfg = Debug|Any CPU
		{61F3CC36-00D8-4251-89F4-BCE4BE91AC4A}.Debug|Any CPU.Build.0 = Debug|Any CPU
		{61F3CC36-00D8-4251-89F4-BCE4BE91AC4A}.Release|Any CPU.ActiveCfg = Release|Any CPU
		{61F3CC36-00D8-4251-89F4-BCE4BE91AC4A}.Release|Any CPU.Build.0 = Release|Any CPU
		{F6546BC9-75F6-4D4B-B477-E5DFD6876F46}.Debug|Any CPU.ActiveCfg = Debug|Any CPU
		{F6546BC9-75F6-4D4B-B477-E5DFD6876F46}.Debug|Any CPU.Build.0 = Debug|Any CPU
		{F6546BC9-75F6-4D4B-B477-E5DFD6876F46}.Release|Any CPU.ActiveCfg = Release|Any CPU
		{F6546BC9-75F6-4D4B-B477-E5DFD6876F46}.Release|Any CPU.Build.0 = Release|Any CPU
	EndGlobalSection
	GlobalSection(SolutionProperties) = preSolution
		HideSolutionNode = FALSE
	EndGlobalSection
	GlobalSection(NestedProjects) = preSolution
		{C69BFE99-48DF-4508-B479-4ED6B6FD1C7C} = {ABBD6045-5447-4C9B-AF77-E9ACF4EE2641}
		{9BFAB3FA-CF18-4B88-9FCE-B0B76A704807} = {F25BD2B5-2E68-4CC8-90F0-6F1C1574D34A}
		{58CD6355-DFEC-4383-B04D-60150270DEA2} = {ABBD6045-5447-4C9B-AF77-E9ACF4EE2641}
		{E62BB49F-1731-4C68-8654-20D2E49EB0A0} = {F25BD2B5-2E68-4CC8-90F0-6F1C1574D34A}
		{D80D0F2E-E613-4DAC-9612-C709050A3E8D} = {ABBD6045-5447-4C9B-AF77-E9ACF4EE2641}
		{D2C9E138-A766-4FEB-9029-A0D5270B7285} = {E25A1CA7-1304-44D5-89BD-170AE8F0DED4}
		{93386705-90E4-4C54-9800-4CCA92A7EC15} = {E25A1CA7-1304-44D5-89BD-170AE8F0DED4}
		{5C10FC58-CE82-49DB-B22C-C9C560A4E107} = {ABBD6045-5447-4C9B-AF77-E9ACF4EE2641}
		{B6B0D4F5-8E10-4D7F-8E67-079A3714104F} = {ABBD6045-5447-4C9B-AF77-E9ACF4EE2641}
		{AAFEBA15-D66E-4CB1-A520-DF42DAD93D79} = {ABBD6045-5447-4C9B-AF77-E9ACF4EE2641}
		{CB94B9E0-D1D3-4B37-B9E3-47EE4C84B76A} = {F25BD2B5-2E68-4CC8-90F0-6F1C1574D34A}
		{D8A6D90D-42F3-48B0-BEE5-0A08A3EAB07B} = {82145F29-EBC3-49B3-A96C-0CA1F040E231}
		{7B9B8FCA-B26E-439B-9BFB-6D42B7DDC718} = {ABBD6045-5447-4C9B-AF77-E9ACF4EE2641}
		{61F3CC36-00D8-4251-89F4-BCE4BE91AC4A} = {ABBD6045-5447-4C9B-AF77-E9ACF4EE2641}
		{F6546BC9-75F6-4D4B-B477-E5DFD6876F46} = {F25BD2B5-2E68-4CC8-90F0-6F1C1574D34A}
	EndGlobalSection
	GlobalSection(ExtensibilityGlobals) = postSolution
		SolutionGuid = {F79FC760-FDD2-442C-897B-0CAE0A3E857F}
	EndGlobalSection
EndGlobal
