<Solution>
  <Folder Name="/.github/">
    <File Path=".github/workflows/build.yml" />
    <File Path=".github/workflows/send-event.yml" />
  </Folder>
  <Folder Name="/build/">
    <File Path="build/.sops.yaml" />
    <File Path="build/bump-version.ps1" />
    <File Path="build/clean.ps1" />
    <File Path="build/decrypt.ps1" />
    <File Path="build/encrypt.ps1" />
    <File Path="build/pack.ps1" />
    <File Path="build/pkg.version" />
    <File Path="global.json" />
  </Folder>
  <Folder Name="/build/msbuild/">
    <File Path="build/BlockedCompilePackages.targets" />
    <File Path="build/EmitGeneratedFiles.props" />
    <File Path="build/Package.props" />
  </Folder>
  <Folder Name="/config/">
    <File Path=".editorconfig" />
    <File Path="NuGet.Config" />
    <File Path="README.md" />
  </Folder>
  <Folder Name="/src/">
    <File Path="src/Directory.Build.props" />
    <File Path="src/Directory.Build.targets" />
    <File Path="src/Directory.Packages.props" />
    <Project Path="src/FclEx.Core/FclEx.Core.csproj" />
    <Project Path="src/FclEx.Dapper/FclEx.Dapper.csproj" />
    <Project Path="src/FclEx.EfCore/FclEx.EfCore.csproj" />
  </Folder>
  <Folder Name="/test/">
    <File Path="test/.editorconfig" />
    <File Path="test/Directory.Build.props" />
    <File Path="test/Directory.Build.targets" />
    <File Path="test/Directory.Packages.props" />
    <Project Path="test/FclEx.Core.Tests/FclEx.Core.Tests.csproj" />
    <Project Path="test/FclEx.Dapper.Tests/FclEx.Dapper.Tests.csproj" />
    <Project Path="test/FclEx.EfCore.Tests/FclEx.EfCore.Tests.csproj" />
  </Folder>
</Solution>
