<Solution>
  <Folder Name="/.github/">
    <File Path=".github/workflows/build.yml" />
    <File Path=".github/workflows/send-event.yml" />
  </Folder>
  <Folder Name="/build/">
    <File Path="build/.sops.yaml" />
    <File Path="build/bump-version.ps1" />
    <File Path="build/clean.ps1" />
    <File Path="build/decrypt.ps1" />
    <File Path="build/encrypt.ps1" />
    <File Path="build/pack.ps1" />
    <File Path="build/pkg.version" />
  </Folder>
  <Folder Name="/build/msbuild/">
    <File Path="build/BlockedCompilePackages.targets" />
    <File Path="build/EmitGeneratedFiles.props" />
    <File Path="build/Testing.props" />
    <File Path="build/Testing.targets" />
  </Folder>
  <Folder Name="/config/">
    <File Path=".editorconfig" />
    <File Path="NuGet.Config" />
    <File Path="README.md" />
  </Folder>
  <Folder Name="/misc/">
    <Project Path="misc/FclEx.Benchmarks/FclEx.Benchmarks.csproj" />
  </Folder>
  <Folder Name="/src/">
    <File Path="src/Directory.Build.props" />
    <File Path="src/Directory.Build.targets" />
    <File Path="src/Directory.Packages.props" />
    <Project Path="src/FclEx.Abp/FclEx.Abp.csproj" Id="1566afc0-96c5-485c-96c2-e1ea0dfef6a1" />
    <Project Path="src/FclEx.Aop/FclEx.Aop.csproj" Id="808572d6-1650-40a0-802f-9c087e2788c5" />
    <Project Path="src/FclEx.AspNetCore.Testing/FclEx.AspNetCore.Testing.csproj" Id="41b52676-4b6a-4aca-bf52-8f7f42d55ff8" />
    <Project Path="src/FclEx.AspNetCore/FclEx.AspNetCore.csproj" />
    <Project Path="src/FclEx.Caching.Redis/FclEx.Caching.Redis.csproj" Id="4a7cfa3c-c66a-491c-b23f-e59b084b30d3" />
    <Project Path="src/FclEx.Caching/FclEx.Caching.csproj" Id="f62641b6-a4d7-40c9-8a70-edb37e7eea95" />
    <Project Path="src/FclEx.Core/FclEx.Core.csproj" />
    <Project Path="src/FclEx.Dapper/FclEx.Dapper.csproj" />
    <Project Path="src/FclEx.DependencyInjection/FclEx.DependencyInjection.csproj" />
    <Project Path="src/FclEx.EfCore/FclEx.EfCore.csproj" />
    <Project Path="src/FclEx.Http/FclEx.Http.csproj" />
    <Project Path="src/FclEx.Logging/FclEx.Logging.csproj" />
    <Project Path="src/FclEx.Messaging/FclEx.Messaging.csproj" />
    <Project Path="src/FclEx.NewRelic/FclEx.NewRelic.csproj" />
    <Project Path="src/FclEx.NewtonsoftJson/FclEx.NewtonsoftJson.csproj" />
    <Project Path="src/FclEx.Options/FclEx.Options.csproj" />
    <Project Path="src/FclEx.Serilog.Slack/FclEx.Serilog.Slack.csproj" />
    <Project Path="src/FclEx.Serilog/FclEx.Serilog.csproj" />
    <Project Path="src/FclEx.Slack/FclEx.Slack.csproj" />
    <Project Path="src/FclEx.SourceGenerator/FclEx.SourceGenerator.csproj" />
    <Project Path="src/FclEx.Xunit.SourceGenerator/FclEx.Xunit.SourceGenerator.csproj" />
    <Project Path="src/FclEx.Xunit.v3.SourceGenerator/FclEx.Xunit.v3.SourceGenerator.csproj" />
    <Project Path="src/FclEx.Xunit.v3/FclEx.Xunit.v3.csproj" />
    <Project Path="src/FclEx.Xunit/FclEx.Xunit.csproj" />
    <Project Path="src/FclEx.YamlDotNet/FclEx.YamlDotNet.csproj" />
  </Folder>
  <Folder Name="/test/">
    <File Path="test/.editorconfig" />
    <File Path="test/Directory.Build.props" />
    <File Path="test/Directory.Build.targets" />
    <File Path="test/Directory.Packages.props" />
    <Project Path="test/FclEx.Abp.Tests/FclEx.Abp.Tests.csproj" Id="44e7f851-0306-4aa8-89b0-0409e4d5a06e" />
    <Project Path="test/FclEx.Aop.Tests/FclEx.Aop.Tests.csproj" Id="9d60a0f1-b390-40f0-b257-ce95452de561" />
    <Project Path="test/FclEx.AspNetCore.Tests/FclEx.AspNetCore.Tests.csproj" />
    <Project Path="test/FclEx.Caching.Redis.Tests/FclEx.Caching.Redis.Tests.csproj" Id="6fd3ede4-a9e8-4ec2-8799-d8c9bbf4d346" />
    <Project Path="test/FclEx.Caching.Tests/FclEx.Caching.Tests.csproj" Id="4558fa5b-1bf0-41a8-8ac5-ee2d65d1842f" />
    <Project Path="test/FclEx.Core.Tests/FclEx.Core.Tests.csproj" />
    <Project Path="test/FclEx.Dapper.Tests/FclEx.Dapper.Tests.csproj" />
    <Project Path="test/FclEx.EfCore.Tests/FclEx.EfCore.Tests.csproj" />
    <Project Path="test/FclEx.Http.Tests/FclEx.Http.Tests.csproj" />
    <Project Path="test/FclEx.Logging.Tests/FclEx.Logging.Tests.csproj" />
    <Project Path="test/FclEx.Messaging.Tests/FclEx.Messaging.Tests.csproj" />
    <Project Path="test/FclEx.NewRelic.Tests/FclEx.NewRelic.Tests.csproj" />
    <Project Path="test/FclEx.NewtonsoftJson.Tests/FclEx.NewtonsoftJson.Tests.csproj" />
    <Project Path="test/FclEx.Serilog.Slack.Tests/FclEx.Serilog.Slack.Tests.csproj" />
    <Project Path="test/FclEx.Serilog.Tests/FclEx.Serilog.Tests.csproj" />
    <Project Path="test/FclEx.Slack.Tests/FclEx.Slack.Tests.csproj" />
    <Project Path="test/FclEx.Xunit.Tests/FclEx.Xunit.Tests.csproj" />
    <Project Path="test/FclEx.Xunit.v3.Tests/FclEx.Xunit.v3.Tests.csproj" />
    <Project Path="test/FclEx.YamlDotNet.Tests/FclEx.YamlDotNet.Tests.csproj" />
  </Folder>
</Solution>
