
Microsoft Visual Studio Solution File, Format Version 12.00
# Visual Studio Version 17
VisualStudioVersion = 17.2.32516.85
MinimumVisualStudioVersion = 10.0.40219.1
Project("{2150E333-8FDC-42A3-9474-1A3956D46DE8}") = "src", "src", "{1A2E88E4-9C6C-405F-8CD3-84EAAFD0A2BB}"
	ProjectSection(SolutionItems) = preProject
		src\Directory.Build.props = src\Directory.Build.props
		src\Directory.Build.targets = src\Directory.Build.targets
	EndProjectSection
EndProject
Project("{2150E333-8FDC-42A3-9474-1A3956D46DE8}") = "test", "test", "{F11CEA24-B479-45A7-A280-6A0ED0C48D1D}"
	ProjectSection(SolutionItems) = preProject
		test\Directory.Build.props = test\Directory.Build.props
		test\Directory.Build.targets = test\Directory.Build.targets
	EndProjectSection
EndProject
Project("{9A19103F-16F7-4668-BE54-9A1E7A4F7556}") = "FclEx", "src\FclEx\FclEx.csproj", "{D4D79E57-DB53-41B6-8D68-541397EC1638}"
EndProject
Project("{9A19103F-16F7-4668-BE54-9A1E7A4F7556}") = "FclEx.Http", "src\FclEx.Http\FclEx.Http.csproj", "{3F57E2C1-C356-4F5D-B745-DA1535338FC2}"
EndProject
Project("{9A19103F-16F7-4668-BE54-9A1E7A4F7556}") = "FclEx.Serilog", "src\FclEx.Serilog\FclEx.Serilog.csproj", "{993C37F8-8ED2-4BD6-A2BA-0144625647D9}"
EndProject
Project("{9A19103F-16F7-4668-BE54-9A1E7A4F7556}") = "FclEx.SourceGenerator", "src\FclEx.SourceGenerator\FclEx.SourceGenerator.csproj", "{A30F0F0C-9DB5-4077-BB64-08CC10F9F9EB}"
EndProject
Project("{9A19103F-16F7-4668-BE54-9A1E7A4F7556}") = "FclEx.Wmi", "src\FclEx.Wmi\FclEx.Wmi.csproj", "{28712D23-E47D-4278-AED2-D7F27401B485}"
EndProject
Project("{9A19103F-16F7-4668-BE54-9A1E7A4F7556}") = "FclEx.Wmi.SourceGenerator", "src\FclEx.Wmi.SourceGenerator\FclEx.Wmi.SourceGenerator.csproj", "{08DDF47B-A751-45B2-8135-ED040A98DEB5}"
EndProject
Project("{9A19103F-16F7-4668-BE54-9A1E7A4F7556}") = "FclEx.Xunit", "src\FclEx.Xunit\FclEx.Xunit.csproj", "{D9C1A7FF-91DB-44CD-AF34-6E3F5ED7E6CD}"
EndProject
Project("{9A19103F-16F7-4668-BE54-9A1E7A4F7556}") = "FclEx.Test", "test\FclEx.Test\FclEx.Test.csproj", "{A22D13FF-F8A8-4763-B596-6DE596CA93FF}"
EndProject
Project("{9A19103F-16F7-4668-BE54-9A1E7A4F7556}") = "FclEx.Http.Test", "test\FclEx.Http.Test\FclEx.Http.Test.csproj", "{DFD86E26-4146-439F-9E9D-B621761D6C48}"
EndProject
Project("{9A19103F-16F7-4668-BE54-9A1E7A4F7556}") = "FclEx.Serilog.Test", "test\FclEx.Serilog.Test\FclEx.Serilog.Test.csproj", "{43414309-B14E-48EB-B2AA-23E9CB9756A3}"
EndProject
Project("{9A19103F-16F7-4668-BE54-9A1E7A4F7556}") = "FclEx.Wmi.Test", "test\FclEx.Wmi.Test\FclEx.Wmi.Test.csproj", "{CBE90C5F-3239-41DB-955A-EA5B5E482FFF}"
EndProject
Global
	GlobalSection(SolutionConfigurationPlatforms) = preSolution
		Debug|Any CPU = Debug|Any CPU
		Release|Any CPU = Release|Any CPU
	EndGlobalSection
	GlobalSection(ProjectConfigurationPlatforms) = postSolution
		{D4D79E57-DB53-41B6-8D68-541397EC1638}.Debug|Any CPU.ActiveCfg = Debug|Any CPU
		{D4D79E57-DB53-41B6-8D68-541397EC1638}.Debug|Any CPU.Build.0 = Debug|Any CPU
		{D4D79E57-DB53-41B6-8D68-541397EC1638}.Release|Any CPU.ActiveCfg = Release|Any CPU
		{D4D79E57-DB53-41B6-8D68-541397EC1638}.Release|Any CPU.Build.0 = Release|Any CPU
		{3F57E2C1-C356-4F5D-B745-DA1535338FC2}.Debug|Any CPU.ActiveCfg = Debug|Any CPU
		{3F57E2C1-C356-4F5D-B745-DA1535338FC2}.Debug|Any CPU.Build.0 = Debug|Any CPU
		{3F57E2C1-C356-4F5D-B745-DA1535338FC2}.Release|Any CPU.ActiveCfg = Release|Any CPU
		{3F57E2C1-C356-4F5D-B745-DA1535338FC2}.Release|Any CPU.Build.0 = Release|Any CPU
		{993C37F8-8ED2-4BD6-A2BA-0144625647D9}.Debug|Any CPU.ActiveCfg = Debug|Any CPU
		{993C37F8-8ED2-4BD6-A2BA-0144625647D9}.Debug|Any CPU.Build.0 = Debug|Any CPU
		{993C37F8-8ED2-4BD6-A2BA-0144625647D9}.Release|Any CPU.ActiveCfg = Release|Any CPU
		{993C37F8-8ED2-4BD6-A2BA-0144625647D9}.Release|Any CPU.Build.0 = Release|Any CPU
		{A30F0F0C-9DB5-4077-BB64-08CC10F9F9EB}.Debug|Any CPU.ActiveCfg = Debug|Any CPU
		{A30F0F0C-9DB5-4077-BB64-08CC10F9F9EB}.Debug|Any CPU.Build.0 = Debug|Any CPU
		{A30F0F0C-9DB5-4077-BB64-08CC10F9F9EB}.Release|Any CPU.ActiveCfg = Release|Any CPU
		{A30F0F0C-9DB5-4077-BB64-08CC10F9F9EB}.Release|Any CPU.Build.0 = Release|Any CPU
		{28712D23-E47D-4278-AED2-D7F27401B485}.Debug|Any CPU.ActiveCfg = Debug|Any CPU
		{28712D23-E47D-4278-AED2-D7F27401B485}.Debug|Any CPU.Build.0 = Debug|Any CPU
		{28712D23-E47D-4278-AED2-D7F27401B485}.Release|Any CPU.ActiveCfg = Release|Any CPU
		{28712D23-E47D-4278-AED2-D7F27401B485}.Release|Any CPU.Build.0 = Release|Any CPU
		{08DDF47B-A751-45B2-8135-ED040A98DEB5}.Debug|Any CPU.ActiveCfg = Debug|Any CPU
		{08DDF47B-A751-45B2-8135-ED040A98DEB5}.Debug|Any CPU.Build.0 = Debug|Any CPU
		{08DDF47B-A751-45B2-8135-ED040A98DEB5}.Release|Any CPU.ActiveCfg = Release|Any CPU
		{08DDF47B-A751-45B2-8135-ED040A98DEB5}.Release|Any CPU.Build.0 = Release|Any CPU
		{D9C1A7FF-91DB-44CD-AF34-6E3F5ED7E6CD}.Debug|Any CPU.ActiveCfg = Debug|Any CPU
		{D9C1A7FF-91DB-44CD-AF34-6E3F5ED7E6CD}.Debug|Any CPU.Build.0 = Debug|Any CPU
		{D9C1A7FF-91DB-44CD-AF34-6E3F5ED7E6CD}.Release|Any CPU.ActiveCfg = Release|Any CPU
		{D9C1A7FF-91DB-44CD-AF34-6E3F5ED7E6CD}.Release|Any CPU.Build.0 = Release|Any CPU
		{A22D13FF-F8A8-4763-B596-6DE596CA93FF}.Debug|Any CPU.ActiveCfg = Debug|Any CPU
		{A22D13FF-F8A8-4763-B596-6DE596CA93FF}.Debug|Any CPU.Build.0 = Debug|Any CPU
		{A22D13FF-F8A8-4763-B596-6DE596CA93FF}.Release|Any CPU.ActiveCfg = Release|Any CPU
		{A22D13FF-F8A8-4763-B596-6DE596CA93FF}.Release|Any CPU.Build.0 = Release|Any CPU
		{DFD86E26-4146-439F-9E9D-B621761D6C48}.Debug|Any CPU.ActiveCfg = Debug|Any CPU
		{DFD86E26-4146-439F-9E9D-B621761D6C48}.Debug|Any CPU.Build.0 = Debug|Any CPU
		{DFD86E26-4146-439F-9E9D-B621761D6C48}.Release|Any CPU.ActiveCfg = Release|Any CPU
		{DFD86E26-4146-439F-9E9D-B621761D6C48}.Release|Any CPU.Build.0 = Release|Any CPU
		{43414309-B14E-48EB-B2AA-23E9CB9756A3}.Debug|Any CPU.ActiveCfg = Debug|Any CPU
		{43414309-B14E-48EB-B2AA-23E9CB9756A3}.Debug|Any CPU.Build.0 = Debug|Any CPU
		{43414309-B14E-48EB-B2AA-23E9CB9756A3}.Release|Any CPU.ActiveCfg = Release|Any CPU
		{43414309-B14E-48EB-B2AA-23E9CB9756A3}.Release|Any CPU.Build.0 = Release|Any CPU
		{CBE90C5F-3239-41DB-955A-EA5B5E482FFF}.Debug|Any CPU.ActiveCfg = Debug|Any CPU
		{CBE90C5F-3239-41DB-955A-EA5B5E482FFF}.Debug|Any CPU.Build.0 = Debug|Any CPU
		{CBE90C5F-3239-41DB-955A-EA5B5E482FFF}.Release|Any CPU.ActiveCfg = Release|Any CPU
		{CBE90C5F-3239-41DB-955A-EA5B5E482FFF}.Release|Any CPU.Build.0 = Release|Any CPU
	EndGlobalSection
	GlobalSection(SolutionProperties) = preSolution
		HideSolutionNode = FALSE
	EndGlobalSection
	GlobalSection(NestedProjects) = preSolution
		{D4D79E57-DB53-41B6-8D68-541397EC1638} = {1A2E88E4-9C6C-405F-8CD3-84EAAFD0A2BB}
		{3F57E2C1-C356-4F5D-B745-DA1535338FC2} = {1A2E88E4-9C6C-405F-8CD3-84EAAFD0A2BB}
		{993C37F8-8ED2-4BD6-A2BA-0144625647D9} = {1A2E88E4-9C6C-405F-8CD3-84EAAFD0A2BB}
		{A30F0F0C-9DB5-4077-BB64-08CC10F9F9EB} = {1A2E88E4-9C6C-405F-8CD3-84EAAFD0A2BB}
		{28712D23-E47D-4278-AED2-D7F27401B485} = {1A2E88E4-9C6C-405F-8CD3-84EAAFD0A2BB}
		{08DDF47B-A751-45B2-8135-ED040A98DEB5} = {1A2E88E4-9C6C-405F-8CD3-84EAAFD0A2BB}
		{D9C1A7FF-91DB-44CD-AF34-6E3F5ED7E6CD} = {1A2E88E4-9C6C-405F-8CD3-84EAAFD0A2BB}
		{A22D13FF-F8A8-4763-B596-6DE596CA93FF} = {F11CEA24-B479-45A7-A280-6A0ED0C48D1D}
		{DFD86E26-4146-439F-9E9D-B621761D6C48} = {F11CEA24-B479-45A7-A280-6A0ED0C48D1D}
		{43414309-B14E-48EB-B2AA-23E9CB9756A3} = {F11CEA24-B479-45A7-A280-6A0ED0C48D1D}
		{CBE90C5F-3239-41DB-955A-EA5B5E482FFF} = {F11CEA24-B479-45A7-A280-6A0ED0C48D1D}
	EndGlobalSection
	GlobalSection(ExtensibilityGlobals) = postSolution
		SolutionGuid = {F2D4FC62-ABCD-4EB3-B247-A9178C9C6CA7}
	EndGlobalSection
EndGlobal
