
Microsoft Visual Studio Solution File, Format Version 12.00
# Visual Studio Version 17
VisualStudioVersion = 17.2.32516.85
MinimumVisualStudioVersion = 10.0.40219.1
Project("{2150E333-8FDC-42A3-9474-1A3956D46DE8}") = "FclEx.Abp", "FclEx.Abp", "{69F5031D-4FF2-4064-9CF9-4BCAED38B053}"
EndProject
Project("{9A19103F-16F7-4668-BE54-9A1E7A4F7556}") = "FclEx.Abp", "FclEx.Abp\src\FclEx.Abp\FclEx.Abp.csproj", "{5586A8C8-258C-41F7-9E3A-139AD9810BD0}"
EndProject
Project("{9A19103F-16F7-4668-BE54-9A1E7A4F7556}") = "FclEx.Abp.Tests", "FclEx.Abp\test\FclEx.Abp.Tests\FclEx.Abp.Tests.csproj", "{B1971404-92E7-4518-8027-572976CB2FAE}"
EndProject
Project("{9A19103F-16F7-4668-BE54-9A1E7A4F7556}") = "FclEx.Abp.RedisCache", "FclEx.Abp\src\FclEx.Abp.RedisCache\FclEx.Abp.RedisCache.csproj", "{4D484720-3F85-4D0D-8EC2-A304F30890B8}"
EndProject
Project("{9A19103F-16F7-4668-BE54-9A1E7A4F7556}") = "FclEx.Abp.RedisCache.Tests", "FclEx.Abp\test\FclEx.Abp.RedisCache.Tests\FclEx.Abp.RedisCache.Tests.csproj", "{5AF06233-A0CA-4693-84BF-4D9C8AF0E9DB}"
EndProject
Project("{9A19103F-16F7-4668-BE54-9A1E7A4F7556}") = "FclEx.Abp.Xunit", "FclEx.Abp\src\FclEx.Abp.Xunit\FclEx.Abp.Xunit.csproj", "{E9832632-4A39-4BF3-B4A8-E91850E9C47B}"
EndProject
Project("{9A19103F-16F7-4668-BE54-9A1E7A4F7556}") = "FclEx", "FclEx\src\FclEx\FclEx.csproj", "{708AA9AB-57D5-493A-93FB-5D5B9756E48B}"
EndProject
Project("{9A19103F-16F7-4668-BE54-9A1E7A4F7556}") = "FclEx.Http", "FclEx\src\FclEx.Http\FclEx.Http.csproj", "{CE84EF4E-3D7D-42CD-A749-CD39C43CE43D}"
EndProject
Project("{9A19103F-16F7-4668-BE54-9A1E7A4F7556}") = "FclEx.Xunit", "FclEx\src\FclEx.Xunit\FclEx.Xunit.csproj", "{A9B0DAF8-6145-4C86-97AA-8A1766285D5C}"
EndProject
Project("{2150E333-8FDC-42A3-9474-1A3956D46DE8}") = "FclEx", "FclEx", "{2CE8C0F4-48B4-4380-BAD1-E1AED5463BB2}"
EndProject
Project("{2150E333-8FDC-42A3-9474-1A3956D46DE8}") = "src", "src", "{43A6295D-7C45-49AB-B35A-E2E4C0A050E8}"
	ProjectSection(SolutionItems) = preProject
		FclEx.Abp\src\Directory.Build.props = FclEx.Abp\src\Directory.Build.props
		FclEx.Abp\src\Directory.Build.targets = FclEx.Abp\src\Directory.Build.targets
	EndProjectSection
EndProject
Project("{2150E333-8FDC-42A3-9474-1A3956D46DE8}") = "test", "test", "{41D86DEF-3CED-4F43-B9F8-AF421EB8CA24}"
	ProjectSection(SolutionItems) = preProject
		FclEx.Abp\test\Directory.Build.props = FclEx.Abp\test\Directory.Build.props
		FclEx.Abp\test\Directory.Build.targets = FclEx.Abp\test\Directory.Build.targets
	EndProjectSection
EndProject
Project("{2150E333-8FDC-42A3-9474-1A3956D46DE8}") = "src", "src", "{0564F7F7-BF4A-46E5-A545-40FD729FF63A}"
	ProjectSection(SolutionItems) = preProject
		FclEx\src\Directory.Build.props = FclEx\src\Directory.Build.props
		FclEx\src\Directory.Build.targets = FclEx\src\Directory.Build.targets
	EndProjectSection
EndProject
Project("{2150E333-8FDC-42A3-9474-1A3956D46DE8}") = "test", "test", "{C4A4BE1C-25E6-4968-A1A8-AAB1B0950354}"
	ProjectSection(SolutionItems) = preProject
		FclEx\test\Directory.Build.props = FclEx\test\Directory.Build.props
		FclEx\test\Directory.Build.targets = FclEx\test\Directory.Build.targets
	EndProjectSection
EndProject
Project("{9A19103F-16F7-4668-BE54-9A1E7A4F7556}") = "FclEx.Http.Tests", "FclEx\test\FclEx.Http.Tests\FclEx.Http.Tests.csproj", "{DFADA7DD-E390-4434-A638-70173BFF2531}"
EndProject
Project("{9A19103F-16F7-4668-BE54-9A1E7A4F7556}") = "FclEx.Serilog.Tests", "FclEx\test\FclEx.Serilog.Tests\FclEx.Serilog.Tests.csproj", "{BA64DE03-F745-4CB5-A85B-AE6A2D7111BD}"
EndProject
Project("{9A19103F-16F7-4668-BE54-9A1E7A4F7556}") = "FclEx.Tests", "FclEx\test\FclEx.Tests\FclEx.Tests.csproj", "{AFD8FA34-3BC3-42DD-8BB4-E518337CE762}"
EndProject
Project("{9A19103F-16F7-4668-BE54-9A1E7A4F7556}") = "FclEx.Wmi.Tests", "FclEx\test\FclEx.Wmi.Tests\FclEx.Wmi.Tests.csproj", "{D2452FA7-5EC7-4444-AA95-21DDD94E525B}"
EndProject
Project("{9A19103F-16F7-4668-BE54-9A1E7A4F7556}") = "FclEx.Serilog", "FclEx\src\FclEx.Serilog\FclEx.Serilog.csproj", "{C0FA821A-228C-403B-A05E-A917D2287D7D}"
EndProject
Project("{9A19103F-16F7-4668-BE54-9A1E7A4F7556}") = "FclEx.SourceGenerator", "FclEx\src\FclEx.SourceGenerator\FclEx.SourceGenerator.csproj", "{89672960-EC8B-4CE4-9A82-18CC323523C0}"
EndProject
Project("{9A19103F-16F7-4668-BE54-9A1E7A4F7556}") = "FclEx.Wmi", "FclEx\src\FclEx.Wmi\FclEx.Wmi.csproj", "{CBD39C27-67F9-4125-933A-45F077345A05}"
EndProject
Project("{9A19103F-16F7-4668-BE54-9A1E7A4F7556}") = "FclEx.Wmi.SourceGenerator", "FclEx\src\FclEx.Wmi.SourceGenerator\FclEx.Wmi.SourceGenerator.csproj", "{BADAF8DB-9496-4F12-AE89-480A9879336E}"
EndProject
Project("{2150E333-8FDC-42A3-9474-1A3956D46DE8}") = "build", "build", "{4FBBC7F5-D6FB-43DC-B674-03C7346A268B}"
	ProjectSection(SolutionItems) = preProject
		..\build\incre_ver.ps1 = ..\build\incre_ver.ps1
		..\Makefile = ..\Makefile
		..\build\pack.ps1 = ..\build\pack.ps1
		..\build\pkg.version = ..\build\pkg.version
		..\build\render-local.ps1 = ..\build\render-local.ps1
		..\build\test_all.ps1 = ..\build\test_all.ps1
	EndProjectSection
EndProject
Project("{2150E333-8FDC-42A3-9474-1A3956D46DE8}") = "benchmark", "benchmark", "{85D861F7-DB63-4285-8408-0E6D27C7BDDE}"
EndProject
Project("{9A19103F-16F7-4668-BE54-9A1E7A4F7556}") = "FclEx.Abp.Benchmarks", "FclEx.Abp\benchmark\FclEx.Abp.Benchmarks\FclEx.Abp.Benchmarks.csproj", "{DB836B1E-D354-4C0D-BEF8-9AD742195D5D}"
EndProject
Project("{9A19103F-16F7-4668-BE54-9A1E7A4F7556}") = "FclEx.Dapper", "FclEx\src\FclEx.Dapper\FclEx.Dapper.csproj", "{9DED7BF3-3AD4-4594-BC8D-CCFFBC8EB921}"
EndProject
Project("{9A19103F-16F7-4668-BE54-9A1E7A4F7556}") = "FclEx.EfCore", "FclEx\src\FclEx.EfCore\FclEx.EfCore.csproj", "{8A8012B5-316F-4DF8-804E-A410FCAD0FC0}"
EndProject
Project("{9A19103F-16F7-4668-BE54-9A1E7A4F7556}") = "FclEx.Dapper.Tests", "FclEx\test\FclEx.Dapper.Tests\FclEx.Dapper.Tests.csproj", "{C9A3EA9B-4736-4541-9639-2FAFE5081E57}"
EndProject
Project("{9A19103F-16F7-4668-BE54-9A1E7A4F7556}") = "FclEx.EfCore.Tests", "FclEx\test\FclEx.EfCore.Tests\FclEx.EfCore.Tests.csproj", "{C9537E64-13A2-437E-9F46-49C7ADB45B0D}"
EndProject
Project("{2150E333-8FDC-42A3-9474-1A3956D46DE8}") = "misc", "misc", "{3FD5D6ED-19E8-43D9-855E-7FD7533704E0}"
EndProject
Project("{9A19103F-16F7-4668-BE54-9A1E7A4F7556}") = "FclEx.Abp.EfCore", "FclEx.Abp\src\FclEx.Abp.EfCore\FclEx.Abp.EfCore.csproj", "{1B8FC570-FB7C-4BD8-813A-A108F1CFB934}"
EndProject
Project("{9A19103F-16F7-4668-BE54-9A1E7A4F7556}") = "FclEx.Abp.EfCore.Tests", "FclEx.Abp\test\FclEx.Abp.EfCore.Tests\FclEx.Abp.EfCore.Tests.csproj", "{8D7851E1-E977-40C3-B16E-61A665CE1810}"
EndProject
Project("{2150E333-8FDC-42A3-9474-1A3956D46DE8}") = "github", "github", "{B9E45210-0531-4DEB-9E03-B3CAEF4C52C8}"
	ProjectSection(SolutionItems) = preProject
		..\.github\workflows\build.yml = ..\.github\workflows\build.yml
		..\.github\dependabot.yml = ..\.github\dependabot.yml
		..\.github\workflows\send-event.yml = ..\.github\workflows\send-event.yml
	EndProjectSection
EndProject
Project("{2150E333-8FDC-42A3-9474-1A3956D46DE8}") = "src", "src", "{C2037C3C-ED43-4531-B36F-F44126C4958A}"
EndProject
Project("{9A19103F-16F7-4668-BE54-9A1E7A4F7556}") = "FclEx.Messaging", "FclEx\src\FclEx.Messaging\FclEx.Messaging.csproj", "{DB3ECE7D-E075-4172-812F-768A6DE72DF9}"
EndProject
Project("{9A19103F-16F7-4668-BE54-9A1E7A4F7556}") = "FclEx.Cooperation", "FclEx\src\FclEx.Cooperation\FclEx.Cooperation.csproj", "{7FC5995C-680B-487C-9549-43D0C6EE4045}"
EndProject
Project("{9A19103F-16F7-4668-BE54-9A1E7A4F7556}") = "FclEx.AspNetCore", "FclEx\src\FclEx.AspNetCore\FclEx.AspNetCore.csproj", "{54FA6161-D074-4580-8615-344E6B882187}"
EndProject
Project("{9A19103F-16F7-4668-BE54-9A1E7A4F7556}") = "FclEx.Cooperation.Tests", "FclEx\test\FclEx.Cooperation.Tests\FclEx.Cooperation.Tests.csproj", "{02D18C73-C4D6-4EBA-B2B7-EFEB53F2E4F6}"
EndProject
Project("{2150E333-8FDC-42A3-9474-1A3956D46DE8}") = "ansible", "ansible", "{22C7042C-6008-4C79-8EFE-0DDDFFB80153}"
	ProjectSection(SolutionItems) = preProject
		..\ansible\vars\main.json = ..\ansible\vars\main.json
		..\ansible\vars\main_vault.json = ..\ansible\vars\main_vault.json
		..\ansible\playbooks\render_config.yml = ..\ansible\playbooks\render_config.yml
		..\ansible\playbooks\render_config_task.yml = ..\ansible\playbooks\render_config_task.yml
	EndProjectSection
EndProject
Project("{2150E333-8FDC-42A3-9474-1A3956D46DE8}") = "config", "config", "{DB9BD709-2878-485F-A882-275991601752}"
	ProjectSection(SolutionItems) = preProject
		.editorconfig = .editorconfig
		NuGet.Config = NuGet.Config
	EndProjectSection
EndProject
Project("{9A19103F-16F7-4668-BE54-9A1E7A4F7556}") = "FclEx.Messaging.Tests", "FclEx\test\FclEx.Messaging.Tests\FclEx.Messaging.Tests.csproj", "{5B3776DA-F1EB-4112-B5C5-9864FE138983}"
EndProject
Project("{9A19103F-16F7-4668-BE54-9A1E7A4F7556}") = "FclEx.Benchmarks", "FclEx\misc\FclEx.Benchmarks\FclEx.Benchmarks.csproj", "{EA21DECA-07BE-4CC1-90D3-63528B752FFD}"
EndProject
Global
	GlobalSection(SolutionConfigurationPlatforms) = preSolution
		Debug|Any CPU = Debug|Any CPU
		Release|Any CPU = Release|Any CPU
	EndGlobalSection
	GlobalSection(ProjectConfigurationPlatforms) = postSolution
		{5586A8C8-258C-41F7-9E3A-139AD9810BD0}.Debug|Any CPU.ActiveCfg = Debug|Any CPU
		{5586A8C8-258C-41F7-9E3A-139AD9810BD0}.Debug|Any CPU.Build.0 = Debug|Any CPU
		{5586A8C8-258C-41F7-9E3A-139AD9810BD0}.Release|Any CPU.ActiveCfg = Release|Any CPU
		{5586A8C8-258C-41F7-9E3A-139AD9810BD0}.Release|Any CPU.Build.0 = Release|Any CPU
		{B1971404-92E7-4518-8027-572976CB2FAE}.Debug|Any CPU.ActiveCfg = Debug|Any CPU
		{B1971404-92E7-4518-8027-572976CB2FAE}.Debug|Any CPU.Build.0 = Debug|Any CPU
		{B1971404-92E7-4518-8027-572976CB2FAE}.Release|Any CPU.ActiveCfg = Release|Any CPU
		{B1971404-92E7-4518-8027-572976CB2FAE}.Release|Any CPU.Build.0 = Release|Any CPU
		{4D484720-3F85-4D0D-8EC2-A304F30890B8}.Debug|Any CPU.ActiveCfg = Debug|Any CPU
		{4D484720-3F85-4D0D-8EC2-A304F30890B8}.Debug|Any CPU.Build.0 = Debug|Any CPU
		{4D484720-3F85-4D0D-8EC2-A304F30890B8}.Release|Any CPU.ActiveCfg = Release|Any CPU
		{4D484720-3F85-4D0D-8EC2-A304F30890B8}.Release|Any CPU.Build.0 = Release|Any CPU
		{5AF06233-A0CA-4693-84BF-4D9C8AF0E9DB}.Debug|Any CPU.ActiveCfg = Debug|Any CPU
		{5AF06233-A0CA-4693-84BF-4D9C8AF0E9DB}.Debug|Any CPU.Build.0 = Debug|Any CPU
		{5AF06233-A0CA-4693-84BF-4D9C8AF0E9DB}.Release|Any CPU.ActiveCfg = Release|Any CPU
		{5AF06233-A0CA-4693-84BF-4D9C8AF0E9DB}.Release|Any CPU.Build.0 = Release|Any CPU
		{E9832632-4A39-4BF3-B4A8-E91850E9C47B}.Debug|Any CPU.ActiveCfg = Debug|Any CPU
		{E9832632-4A39-4BF3-B4A8-E91850E9C47B}.Debug|Any CPU.Build.0 = Debug|Any CPU
		{E9832632-4A39-4BF3-B4A8-E91850E9C47B}.Release|Any CPU.ActiveCfg = Release|Any CPU
		{E9832632-4A39-4BF3-B4A8-E91850E9C47B}.Release|Any CPU.Build.0 = Release|Any CPU
		{708AA9AB-57D5-493A-93FB-5D5B9756E48B}.Debug|Any CPU.ActiveCfg = Debug|Any CPU
		{708AA9AB-57D5-493A-93FB-5D5B9756E48B}.Debug|Any CPU.Build.0 = Debug|Any CPU
		{708AA9AB-57D5-493A-93FB-5D5B9756E48B}.Release|Any CPU.ActiveCfg = Release|Any CPU
		{708AA9AB-57D5-493A-93FB-5D5B9756E48B}.Release|Any CPU.Build.0 = Release|Any CPU
		{CE84EF4E-3D7D-42CD-A749-CD39C43CE43D}.Debug|Any CPU.ActiveCfg = Debug|Any CPU
		{CE84EF4E-3D7D-42CD-A749-CD39C43CE43D}.Debug|Any CPU.Build.0 = Debug|Any CPU
		{CE84EF4E-3D7D-42CD-A749-CD39C43CE43D}.Release|Any CPU.ActiveCfg = Release|Any CPU
		{CE84EF4E-3D7D-42CD-A749-CD39C43CE43D}.Release|Any CPU.Build.0 = Release|Any CPU
		{A9B0DAF8-6145-4C86-97AA-8A1766285D5C}.Debug|Any CPU.ActiveCfg = Debug|Any CPU
		{A9B0DAF8-6145-4C86-97AA-8A1766285D5C}.Debug|Any CPU.Build.0 = Debug|Any CPU
		{A9B0DAF8-6145-4C86-97AA-8A1766285D5C}.Release|Any CPU.ActiveCfg = Release|Any CPU
		{A9B0DAF8-6145-4C86-97AA-8A1766285D5C}.Release|Any CPU.Build.0 = Release|Any CPU
		{DFADA7DD-E390-4434-A638-70173BFF2531}.Debug|Any CPU.ActiveCfg = Debug|Any CPU
		{DFADA7DD-E390-4434-A638-70173BFF2531}.Debug|Any CPU.Build.0 = Debug|Any CPU
		{DFADA7DD-E390-4434-A638-70173BFF2531}.Release|Any CPU.ActiveCfg = Release|Any CPU
		{DFADA7DD-E390-4434-A638-70173BFF2531}.Release|Any CPU.Build.0 = Release|Any CPU
		{BA64DE03-F745-4CB5-A85B-AE6A2D7111BD}.Debug|Any CPU.ActiveCfg = Debug|Any CPU
		{BA64DE03-F745-4CB5-A85B-AE6A2D7111BD}.Debug|Any CPU.Build.0 = Debug|Any CPU
		{BA64DE03-F745-4CB5-A85B-AE6A2D7111BD}.Release|Any CPU.ActiveCfg = Release|Any CPU
		{BA64DE03-F745-4CB5-A85B-AE6A2D7111BD}.Release|Any CPU.Build.0 = Release|Any CPU
		{AFD8FA34-3BC3-42DD-8BB4-E518337CE762}.Debug|Any CPU.ActiveCfg = Debug|Any CPU
		{AFD8FA34-3BC3-42DD-8BB4-E518337CE762}.Debug|Any CPU.Build.0 = Debug|Any CPU
		{AFD8FA34-3BC3-42DD-8BB4-E518337CE762}.Release|Any CPU.ActiveCfg = Release|Any CPU
		{AFD8FA34-3BC3-42DD-8BB4-E518337CE762}.Release|Any CPU.Build.0 = Release|Any CPU
		{D2452FA7-5EC7-4444-AA95-21DDD94E525B}.Debug|Any CPU.ActiveCfg = Debug|Any CPU
		{D2452FA7-5EC7-4444-AA95-21DDD94E525B}.Debug|Any CPU.Build.0 = Debug|Any CPU
		{D2452FA7-5EC7-4444-AA95-21DDD94E525B}.Release|Any CPU.ActiveCfg = Release|Any CPU
		{D2452FA7-5EC7-4444-AA95-21DDD94E525B}.Release|Any CPU.Build.0 = Release|Any CPU
		{C0FA821A-228C-403B-A05E-A917D2287D7D}.Debug|Any CPU.ActiveCfg = Debug|Any CPU
		{C0FA821A-228C-403B-A05E-A917D2287D7D}.Debug|Any CPU.Build.0 = Debug|Any CPU
		{C0FA821A-228C-403B-A05E-A917D2287D7D}.Release|Any CPU.ActiveCfg = Release|Any CPU
		{C0FA821A-228C-403B-A05E-A917D2287D7D}.Release|Any CPU.Build.0 = Release|Any CPU
		{89672960-EC8B-4CE4-9A82-18CC323523C0}.Debug|Any CPU.ActiveCfg = Debug|Any CPU
		{89672960-EC8B-4CE4-9A82-18CC323523C0}.Debug|Any CPU.Build.0 = Debug|Any CPU
		{89672960-EC8B-4CE4-9A82-18CC323523C0}.Release|Any CPU.ActiveCfg = Release|Any CPU
		{89672960-EC8B-4CE4-9A82-18CC323523C0}.Release|Any CPU.Build.0 = Release|Any CPU
		{CBD39C27-67F9-4125-933A-45F077345A05}.Debug|Any CPU.ActiveCfg = Debug|Any CPU
		{CBD39C27-67F9-4125-933A-45F077345A05}.Debug|Any CPU.Build.0 = Debug|Any CPU
		{CBD39C27-67F9-4125-933A-45F077345A05}.Release|Any CPU.ActiveCfg = Release|Any CPU
		{CBD39C27-67F9-4125-933A-45F077345A05}.Release|Any CPU.Build.0 = Release|Any CPU
		{BADAF8DB-9496-4F12-AE89-480A9879336E}.Debug|Any CPU.ActiveCfg = Debug|Any CPU
		{BADAF8DB-9496-4F12-AE89-480A9879336E}.Debug|Any CPU.Build.0 = Debug|Any CPU
		{BADAF8DB-9496-4F12-AE89-480A9879336E}.Release|Any CPU.ActiveCfg = Release|Any CPU
		{BADAF8DB-9496-4F12-AE89-480A9879336E}.Release|Any CPU.Build.0 = Release|Any CPU
		{DB836B1E-D354-4C0D-BEF8-9AD742195D5D}.Debug|Any CPU.ActiveCfg = Debug|Any CPU
		{DB836B1E-D354-4C0D-BEF8-9AD742195D5D}.Debug|Any CPU.Build.0 = Debug|Any CPU
		{DB836B1E-D354-4C0D-BEF8-9AD742195D5D}.Release|Any CPU.ActiveCfg = Release|Any CPU
		{DB836B1E-D354-4C0D-BEF8-9AD742195D5D}.Release|Any CPU.Build.0 = Release|Any CPU
		{9DED7BF3-3AD4-4594-BC8D-CCFFBC8EB921}.Debug|Any CPU.ActiveCfg = Debug|Any CPU
		{9DED7BF3-3AD4-4594-BC8D-CCFFBC8EB921}.Debug|Any CPU.Build.0 = Debug|Any CPU
		{9DED7BF3-3AD4-4594-BC8D-CCFFBC8EB921}.Release|Any CPU.ActiveCfg = Release|Any CPU
		{9DED7BF3-3AD4-4594-BC8D-CCFFBC8EB921}.Release|Any CPU.Build.0 = Release|Any CPU
		{8A8012B5-316F-4DF8-804E-A410FCAD0FC0}.Debug|Any CPU.ActiveCfg = Debug|Any CPU
		{8A8012B5-316F-4DF8-804E-A410FCAD0FC0}.Debug|Any CPU.Build.0 = Debug|Any CPU
		{8A8012B5-316F-4DF8-804E-A410FCAD0FC0}.Release|Any CPU.ActiveCfg = Release|Any CPU
		{8A8012B5-316F-4DF8-804E-A410FCAD0FC0}.Release|Any CPU.Build.0 = Release|Any CPU
		{C9A3EA9B-4736-4541-9639-2FAFE5081E57}.Debug|Any CPU.ActiveCfg = Debug|Any CPU
		{C9A3EA9B-4736-4541-9639-2FAFE5081E57}.Debug|Any CPU.Build.0 = Debug|Any CPU
		{C9A3EA9B-4736-4541-9639-2FAFE5081E57}.Release|Any CPU.ActiveCfg = Release|Any CPU
		{C9A3EA9B-4736-4541-9639-2FAFE5081E57}.Release|Any CPU.Build.0 = Release|Any CPU
		{C9537E64-13A2-437E-9F46-49C7ADB45B0D}.Debug|Any CPU.ActiveCfg = Debug|Any CPU
		{C9537E64-13A2-437E-9F46-49C7ADB45B0D}.Debug|Any CPU.Build.0 = Debug|Any CPU
		{C9537E64-13A2-437E-9F46-49C7ADB45B0D}.Release|Any CPU.ActiveCfg = Release|Any CPU
		{C9537E64-13A2-437E-9F46-49C7ADB45B0D}.Release|Any CPU.Build.0 = Release|Any CPU
		{1B8FC570-FB7C-4BD8-813A-A108F1CFB934}.Debug|Any CPU.ActiveCfg = Debug|Any CPU
		{1B8FC570-FB7C-4BD8-813A-A108F1CFB934}.Debug|Any CPU.Build.0 = Debug|Any CPU
		{1B8FC570-FB7C-4BD8-813A-A108F1CFB934}.Release|Any CPU.ActiveCfg = Release|Any CPU
		{1B8FC570-FB7C-4BD8-813A-A108F1CFB934}.Release|Any CPU.Build.0 = Release|Any CPU
		{8D7851E1-E977-40C3-B16E-61A665CE1810}.Debug|Any CPU.ActiveCfg = Debug|Any CPU
		{8D7851E1-E977-40C3-B16E-61A665CE1810}.Debug|Any CPU.Build.0 = Debug|Any CPU
		{8D7851E1-E977-40C3-B16E-61A665CE1810}.Release|Any CPU.ActiveCfg = Release|Any CPU
		{8D7851E1-E977-40C3-B16E-61A665CE1810}.Release|Any CPU.Build.0 = Release|Any CPU
		{DB3ECE7D-E075-4172-812F-768A6DE72DF9}.Debug|Any CPU.ActiveCfg = Debug|Any CPU
		{DB3ECE7D-E075-4172-812F-768A6DE72DF9}.Debug|Any CPU.Build.0 = Debug|Any CPU
		{DB3ECE7D-E075-4172-812F-768A6DE72DF9}.Release|Any CPU.ActiveCfg = Release|Any CPU
		{DB3ECE7D-E075-4172-812F-768A6DE72DF9}.Release|Any CPU.Build.0 = Release|Any CPU
		{7FC5995C-680B-487C-9549-43D0C6EE4045}.Debug|Any CPU.ActiveCfg = Debug|Any CPU
		{7FC5995C-680B-487C-9549-43D0C6EE4045}.Debug|Any CPU.Build.0 = Debug|Any CPU
		{7FC5995C-680B-487C-9549-43D0C6EE4045}.Release|Any CPU.ActiveCfg = Release|Any CPU
		{7FC5995C-680B-487C-9549-43D0C6EE4045}.Release|Any CPU.Build.0 = Release|Any CPU
		{54FA6161-D074-4580-8615-344E6B882187}.Debug|Any CPU.ActiveCfg = Debug|Any CPU
		{54FA6161-D074-4580-8615-344E6B882187}.Debug|Any CPU.Build.0 = Debug|Any CPU
		{54FA6161-D074-4580-8615-344E6B882187}.Release|Any CPU.ActiveCfg = Release|Any CPU
		{54FA6161-D074-4580-8615-344E6B882187}.Release|Any CPU.Build.0 = Release|Any CPU
		{02D18C73-C4D6-4EBA-B2B7-EFEB53F2E4F6}.Debug|Any CPU.ActiveCfg = Debug|Any CPU
		{02D18C73-C4D6-4EBA-B2B7-EFEB53F2E4F6}.Debug|Any CPU.Build.0 = Debug|Any CPU
		{02D18C73-C4D6-4EBA-B2B7-EFEB53F2E4F6}.Release|Any CPU.ActiveCfg = Release|Any CPU
		{02D18C73-C4D6-4EBA-B2B7-EFEB53F2E4F6}.Release|Any CPU.Build.0 = Release|Any CPU
		{5B3776DA-F1EB-4112-B5C5-9864FE138983}.Debug|Any CPU.ActiveCfg = Debug|Any CPU
		{5B3776DA-F1EB-4112-B5C5-9864FE138983}.Debug|Any CPU.Build.0 = Debug|Any CPU
		{5B3776DA-F1EB-4112-B5C5-9864FE138983}.Release|Any CPU.ActiveCfg = Release|Any CPU
		{5B3776DA-F1EB-4112-B5C5-9864FE138983}.Release|Any CPU.Build.0 = Release|Any CPU
		{EA21DECA-07BE-4CC1-90D3-63528B752FFD}.Debug|Any CPU.ActiveCfg = Debug|Any CPU
		{EA21DECA-07BE-4CC1-90D3-63528B752FFD}.Debug|Any CPU.Build.0 = Debug|Any CPU
		{EA21DECA-07BE-4CC1-90D3-63528B752FFD}.Release|Any CPU.ActiveCfg = Release|Any CPU
		{EA21DECA-07BE-4CC1-90D3-63528B752FFD}.Release|Any CPU.Build.0 = Release|Any CPU
	EndGlobalSection
	GlobalSection(SolutionProperties) = preSolution
		HideSolutionNode = FALSE
	EndGlobalSection
	GlobalSection(NestedProjects) = preSolution
		{69F5031D-4FF2-4064-9CF9-4BCAED38B053} = {C2037C3C-ED43-4531-B36F-F44126C4958A}
		{5586A8C8-258C-41F7-9E3A-139AD9810BD0} = {43A6295D-7C45-49AB-B35A-E2E4C0A050E8}
		{B1971404-92E7-4518-8027-572976CB2FAE} = {41D86DEF-3CED-4F43-B9F8-AF421EB8CA24}
		{4D484720-3F85-4D0D-8EC2-A304F30890B8} = {43A6295D-7C45-49AB-B35A-E2E4C0A050E8}
		{5AF06233-A0CA-4693-84BF-4D9C8AF0E9DB} = {41D86DEF-3CED-4F43-B9F8-AF421EB8CA24}
		{E9832632-4A39-4BF3-B4A8-E91850E9C47B} = {43A6295D-7C45-49AB-B35A-E2E4C0A050E8}
		{708AA9AB-57D5-493A-93FB-5D5B9756E48B} = {0564F7F7-BF4A-46E5-A545-40FD729FF63A}
		{CE84EF4E-3D7D-42CD-A749-CD39C43CE43D} = {0564F7F7-BF4A-46E5-A545-40FD729FF63A}
		{A9B0DAF8-6145-4C86-97AA-8A1766285D5C} = {0564F7F7-BF4A-46E5-A545-40FD729FF63A}
		{2CE8C0F4-48B4-4380-BAD1-E1AED5463BB2} = {C2037C3C-ED43-4531-B36F-F44126C4958A}
		{43A6295D-7C45-49AB-B35A-E2E4C0A050E8} = {69F5031D-4FF2-4064-9CF9-4BCAED38B053}
		{41D86DEF-3CED-4F43-B9F8-AF421EB8CA24} = {69F5031D-4FF2-4064-9CF9-4BCAED38B053}
		{0564F7F7-BF4A-46E5-A545-40FD729FF63A} = {2CE8C0F4-48B4-4380-BAD1-E1AED5463BB2}
		{C4A4BE1C-25E6-4968-A1A8-AAB1B0950354} = {2CE8C0F4-48B4-4380-BAD1-E1AED5463BB2}
		{DFADA7DD-E390-4434-A638-70173BFF2531} = {C4A4BE1C-25E6-4968-A1A8-AAB1B0950354}
		{BA64DE03-F745-4CB5-A85B-AE6A2D7111BD} = {C4A4BE1C-25E6-4968-A1A8-AAB1B0950354}
		{AFD8FA34-3BC3-42DD-8BB4-E518337CE762} = {C4A4BE1C-25E6-4968-A1A8-AAB1B0950354}
		{D2452FA7-5EC7-4444-AA95-21DDD94E525B} = {C4A4BE1C-25E6-4968-A1A8-AAB1B0950354}
		{C0FA821A-228C-403B-A05E-A917D2287D7D} = {0564F7F7-BF4A-46E5-A545-40FD729FF63A}
		{89672960-EC8B-4CE4-9A82-18CC323523C0} = {0564F7F7-BF4A-46E5-A545-40FD729FF63A}
		{CBD39C27-67F9-4125-933A-45F077345A05} = {0564F7F7-BF4A-46E5-A545-40FD729FF63A}
		{BADAF8DB-9496-4F12-AE89-480A9879336E} = {0564F7F7-BF4A-46E5-A545-40FD729FF63A}
		{85D861F7-DB63-4285-8408-0E6D27C7BDDE} = {69F5031D-4FF2-4064-9CF9-4BCAED38B053}
		{DB836B1E-D354-4C0D-BEF8-9AD742195D5D} = {85D861F7-DB63-4285-8408-0E6D27C7BDDE}
		{9DED7BF3-3AD4-4594-BC8D-CCFFBC8EB921} = {0564F7F7-BF4A-46E5-A545-40FD729FF63A}
		{8A8012B5-316F-4DF8-804E-A410FCAD0FC0} = {0564F7F7-BF4A-46E5-A545-40FD729FF63A}
		{C9A3EA9B-4736-4541-9639-2FAFE5081E57} = {C4A4BE1C-25E6-4968-A1A8-AAB1B0950354}
		{C9537E64-13A2-437E-9F46-49C7ADB45B0D} = {C4A4BE1C-25E6-4968-A1A8-AAB1B0950354}
		{3FD5D6ED-19E8-43D9-855E-7FD7533704E0} = {2CE8C0F4-48B4-4380-BAD1-E1AED5463BB2}
		{1B8FC570-FB7C-4BD8-813A-A108F1CFB934} = {43A6295D-7C45-49AB-B35A-E2E4C0A050E8}
		{8D7851E1-E977-40C3-B16E-61A665CE1810} = {41D86DEF-3CED-4F43-B9F8-AF421EB8CA24}
		{DB3ECE7D-E075-4172-812F-768A6DE72DF9} = {0564F7F7-BF4A-46E5-A545-40FD729FF63A}
		{7FC5995C-680B-487C-9549-43D0C6EE4045} = {0564F7F7-BF4A-46E5-A545-40FD729FF63A}
		{54FA6161-D074-4580-8615-344E6B882187} = {0564F7F7-BF4A-46E5-A545-40FD729FF63A}
		{02D18C73-C4D6-4EBA-B2B7-EFEB53F2E4F6} = {C4A4BE1C-25E6-4968-A1A8-AAB1B0950354}
		{5B3776DA-F1EB-4112-B5C5-9864FE138983} = {C4A4BE1C-25E6-4968-A1A8-AAB1B0950354}
		{EA21DECA-07BE-4CC1-90D3-63528B752FFD} = {3FD5D6ED-19E8-43D9-855E-7FD7533704E0}
	EndGlobalSection
	GlobalSection(ExtensibilityGlobals) = postSolution
		SolutionGuid = {A8ABB718-B200-438A-8C51-18280C33E805}
	EndGlobalSection
EndGlobal
