
Microsoft Visual Studio Solution File, Format Version 12.00
# Visual Studio Version 17
VisualStudioVersion = 17.2.32516.85
MinimumVisualStudioVersion = 10.0.40219.1
Project("{2150E333-8FDC-42A3-9474-1A3956D46DE8}") = "FclEx.Abp", "FclEx.Abp", "{69F5031D-4FF2-4064-9CF9-4BCAED38B053}"
EndProject
Project("{9A19103F-16F7-4668-BE54-9A1E7A4F7556}") = "FclEx.Abp", "FclEx.Abp\src\FclEx.Abp\FclEx.Abp.csproj", "{5586A8C8-258C-41F7-9E3A-139AD9810BD0}"
EndProject
Project("{9A19103F-16F7-4668-BE54-9A1E7A4F7556}") = "FclEx.Abp.Test", "FclEx.Abp\test\FclEx.Abp.Test\FclEx.Abp.Test.csproj", "{B1971404-92E7-4518-8027-572976CB2FAE}"
EndProject
Project("{9A19103F-16F7-4668-BE54-9A1E7A4F7556}") = "FclEx.Abp.OrmLite", "FclEx.Abp\src\FclEx.Abp.OrmLite\FclEx.Abp.OrmLite.csproj", "{EB22D7CE-D4A9-4C8A-8C23-82378D43375E}"
EndProject
Project("{9A19103F-16F7-4668-BE54-9A1E7A4F7556}") = "FclEx.Abp.RabbitMQ", "FclEx.Abp\src\FclEx.Abp.RabbitMQ\FclEx.Abp.RabbitMQ.csproj", "{D32B13DF-1BF9-4406-A819-2D4B1D8E0164}"
EndProject
Project("{9A19103F-16F7-4668-BE54-9A1E7A4F7556}") = "FclEx.Abp.RedisCache", "FclEx.Abp\src\FclEx.Abp.RedisCache\FclEx.Abp.RedisCache.csproj", "{4D484720-3F85-4D0D-8EC2-A304F30890B8}"
EndProject
Project("{9A19103F-16F7-4668-BE54-9A1E7A4F7556}") = "FclEx.Abp.RedisCache.Test", "FclEx.Abp\test\FclEx.Abp.RedisCache.Test\FclEx.Abp.RedisCache.Test.csproj", "{5AF06233-A0CA-4693-84BF-4D9C8AF0E9DB}"
EndProject
Project("{2150E333-8FDC-42A3-9474-1A3956D46DE8}") = "ServiceStack.OrmLite.Custom", "ServiceStack.OrmLite.Custom", "{4E7F8A33-6622-45F1-90AC-2AC95309ED13}"
	ProjectSection(SolutionItems) = preProject
		ref\ServiceStack.OrmLite.Custom\Directory.Build.props = ref\ServiceStack.OrmLite.Custom\Directory.Build.props
	EndProjectSection
EndProject
Project("{9A19103F-16F7-4668-BE54-9A1E7A4F7556}") = "ServiceStack.OrmLite.Custom", "FclEx.Abp\ref\ServiceStack.OrmLite.Custom\ServiceStack.OrmLite\ServiceStack.OrmLite.Custom.csproj", "{90374F64-53C1-43DD-9FEC-D4594055947E}"
EndProject
Project("{9A19103F-16F7-4668-BE54-9A1E7A4F7556}") = "ServiceStack.OrmLite.MySql.Custom", "FclEx.Abp\ref\ServiceStack.OrmLite.Custom\ServiceStack.OrmLite.MySql\ServiceStack.OrmLite.MySql.Custom.csproj", "{2BB0C51B-6860-444F-88CF-2051646A238E}"
EndProject
Project("{9A19103F-16F7-4668-BE54-9A1E7A4F7556}") = "ServiceStack.OrmLite.PostgreSQL.Custom", "FclEx.Abp\ref\ServiceStack.OrmLite.Custom\ServiceStack.OrmLite.PostgreSQL\ServiceStack.OrmLite.PostgreSQL.Custom.csproj", "{360CDBD0-DA52-4CDB-B342-F4043427C8D9}"
EndProject
Project("{9A19103F-16F7-4668-BE54-9A1E7A4F7556}") = "ServiceStack.OrmLite.Sqlite.Custom", "FclEx.Abp\ref\ServiceStack.OrmLite.Custom\ServiceStack.OrmLite.Sqlite\ServiceStack.OrmLite.Sqlite.Custom.csproj", "{A3181C89-8686-420C-8500-1E32B8309F12}"
EndProject
Project("{9A19103F-16F7-4668-BE54-9A1E7A4F7556}") = "ServiceStack.OrmLite.SqlServer.Custom", "FclEx.Abp\ref\ServiceStack.OrmLite.Custom\ServiceStack.OrmLite.SqlServer\ServiceStack.OrmLite.SqlServer.Custom.csproj", "{D9B76DA4-C46E-4563-AB84-A25B93CC4E49}"
EndProject
Project("{9A19103F-16F7-4668-BE54-9A1E7A4F7556}") = "ServiceStack.OrmLite.Oracle.Custom", "FclEx.Abp\ref\ServiceStack.OrmLite.Custom\ServiceStack.OrmLite.Oracle\ServiceStack.OrmLite.Oracle.Custom.csproj", "{EA45A083-5E40-40D3-8041-5544AA037C1C}"
EndProject
Project("{9A19103F-16F7-4668-BE54-9A1E7A4F7556}") = "FclEx.Abp.Xunit", "FclEx.Abp\src\FclEx.Abp.Xunit\FclEx.Abp.Xunit.csproj", "{E9832632-4A39-4BF3-B4A8-E91850E9C47B}"
EndProject
Project("{9A19103F-16F7-4668-BE54-9A1E7A4F7556}") = "FclEx.Abp.RabbitMQ.Test", "FclEx.Abp\test\FclEx.Abp.RabbitMQ.Test\FclEx.Abp.RabbitMQ.Test.csproj", "{B8997EDA-7A59-4AF9-99F8-6E4140B14684}"
EndProject
Project("{9A19103F-16F7-4668-BE54-9A1E7A4F7556}") = "FclEx.Abp.OrmLite.Test", "FclEx.Abp\test\FclEx.Abp.OrmLite.Test\FclEx.Abp.OrmLite.Test.csproj", "{F72639BB-A3FD-4930-9805-89529501D4E4}"
EndProject
Project("{9A19103F-16F7-4668-BE54-9A1E7A4F7556}") = "FclEx.Abp.AspNetCore", "FclEx.Abp\src\FclEx.Abp.AspNetCore\FclEx.Abp.AspNetCore.csproj", "{4CFE2B0F-534B-463B-8AFD-F997CCD2E62E}"
EndProject
Project("{9A19103F-16F7-4668-BE54-9A1E7A4F7556}") = "ServiceStack.OrmLite.Test", "FclEx.Abp\test\ServiceStack.OrmLite.Test\ServiceStack.OrmLite.Test.csproj", "{12C662E6-6A9F-47C2-A06B-43EBF2254496}"
EndProject
Project("{9A19103F-16F7-4668-BE54-9A1E7A4F7556}") = "FclEx", "FclEx\src\FclEx\FclEx.csproj", "{708AA9AB-57D5-493A-93FB-5D5B9756E48B}"
EndProject
Project("{9A19103F-16F7-4668-BE54-9A1E7A4F7556}") = "FclEx.Http", "FclEx\src\FclEx.Http\FclEx.Http.csproj", "{CE84EF4E-3D7D-42CD-A749-CD39C43CE43D}"
EndProject
Project("{9A19103F-16F7-4668-BE54-9A1E7A4F7556}") = "FclEx.Xunit", "FclEx\src\FclEx.Xunit\FclEx.Xunit.csproj", "{A9B0DAF8-6145-4C86-97AA-8A1766285D5C}"
EndProject
Project("{2150E333-8FDC-42A3-9474-1A3956D46DE8}") = "FclEx", "FclEx", "{2CE8C0F4-48B4-4380-BAD1-E1AED5463BB2}"
EndProject
Project("{2150E333-8FDC-42A3-9474-1A3956D46DE8}") = "src", "src", "{43A6295D-7C45-49AB-B35A-E2E4C0A050E8}"
	ProjectSection(SolutionItems) = preProject
		FclEx.Abp\src\Directory.Build.props = FclEx.Abp\src\Directory.Build.props
		FclEx.Abp\src\Directory.Build.targets = FclEx.Abp\src\Directory.Build.targets
	EndProjectSection
EndProject
Project("{2150E333-8FDC-42A3-9474-1A3956D46DE8}") = "test", "test", "{41D86DEF-3CED-4F43-B9F8-AF421EB8CA24}"
	ProjectSection(SolutionItems) = preProject
		FclEx.Abp\test\Directory.Build.props = FclEx.Abp\test\Directory.Build.props
		FclEx.Abp\test\Directory.Build.targets = FclEx.Abp\test\Directory.Build.targets
	EndProjectSection
EndProject
Project("{2150E333-8FDC-42A3-9474-1A3956D46DE8}") = "ref", "ref", "{84F7DD11-0343-43FC-940B-5D33C3328D55}"
EndProject
Project("{2150E333-8FDC-42A3-9474-1A3956D46DE8}") = "src", "src", "{0564F7F7-BF4A-46E5-A545-40FD729FF63A}"
	ProjectSection(SolutionItems) = preProject
		FclEx\src\Directory.Build.props = FclEx\src\Directory.Build.props
		FclEx\src\Directory.Build.targets = FclEx\src\Directory.Build.targets
	EndProjectSection
EndProject
Project("{2150E333-8FDC-42A3-9474-1A3956D46DE8}") = "test", "test", "{C4A4BE1C-25E6-4968-A1A8-AAB1B0950354}"
	ProjectSection(SolutionItems) = preProject
		FclEx\test\Directory.Build.props = FclEx\test\Directory.Build.props
		FclEx\test\Directory.Build.targets = FclEx\test\Directory.Build.targets
	EndProjectSection
EndProject
Project("{9A19103F-16F7-4668-BE54-9A1E7A4F7556}") = "FclEx.Http.Test", "FclEx\test\FclEx.Http.Test\FclEx.Http.Test.csproj", "{DFADA7DD-E390-4434-A638-70173BFF2531}"
EndProject
Project("{9A19103F-16F7-4668-BE54-9A1E7A4F7556}") = "FclEx.Serilog.Test", "FclEx\test\FclEx.Serilog.Test\FclEx.Serilog.Test.csproj", "{BA64DE03-F745-4CB5-A85B-AE6A2D7111BD}"
EndProject
Project("{9A19103F-16F7-4668-BE54-9A1E7A4F7556}") = "FclEx.Test", "FclEx\test\FclEx.Test\FclEx.Test.csproj", "{AFD8FA34-3BC3-42DD-8BB4-E518337CE762}"
EndProject
Project("{9A19103F-16F7-4668-BE54-9A1E7A4F7556}") = "FclEx.Wmi.Test", "FclEx\test\FclEx.Wmi.Test\FclEx.Wmi.Test.csproj", "{D2452FA7-5EC7-4444-AA95-21DDD94E525B}"
EndProject
Project("{9A19103F-16F7-4668-BE54-9A1E7A4F7556}") = "FclEx.Benchmarks", "FclEx\src\FclEx.Benchmarks\FclEx.Benchmarks.csproj", "{25A8503A-F814-47E2-A552-575539B1FE8B}"
EndProject
Project("{9A19103F-16F7-4668-BE54-9A1E7A4F7556}") = "FclEx.Serilog", "FclEx\src\FclEx.Serilog\FclEx.Serilog.csproj", "{C0FA821A-228C-403B-A05E-A917D2287D7D}"
EndProject
Project("{9A19103F-16F7-4668-BE54-9A1E7A4F7556}") = "FclEx.SourceGenerator", "FclEx\src\FclEx.SourceGenerator\FclEx.SourceGenerator.csproj", "{89672960-EC8B-4CE4-9A82-18CC323523C0}"
EndProject
Project("{9A19103F-16F7-4668-BE54-9A1E7A4F7556}") = "FclEx.Wmi", "FclEx\src\FclEx.Wmi\FclEx.Wmi.csproj", "{CBD39C27-67F9-4125-933A-45F077345A05}"
EndProject
Project("{9A19103F-16F7-4668-BE54-9A1E7A4F7556}") = "FclEx.Wmi.SourceGenerator", "FclEx\src\FclEx.Wmi.SourceGenerator\FclEx.Wmi.SourceGenerator.csproj", "{BADAF8DB-9496-4F12-AE89-480A9879336E}"
EndProject
Project("{2150E333-8FDC-42A3-9474-1A3956D46DE8}") = "build", "build", "{4FBBC7F5-D6FB-43DC-B674-03C7346A268B}"
	ProjectSection(SolutionItems) = preProject
		..\.github\workflows\build.yml = ..\.github\workflows\build.yml
		..\build\incre_ver.ps1 = ..\build\incre_ver.ps1
		..\build\pack.ps1 = ..\build\pack.ps1
		..\build\pkg.version = ..\build\pkg.version
		..\build\test_all.ps1 = ..\build\test_all.ps1
	EndProjectSection
EndProject
Global
	GlobalSection(SolutionConfigurationPlatforms) = preSolution
		Debug|Any CPU = Debug|Any CPU
		Release|Any CPU = Release|Any CPU
	EndGlobalSection
	GlobalSection(ProjectConfigurationPlatforms) = postSolution
		{5586A8C8-258C-41F7-9E3A-139AD9810BD0}.Debug|Any CPU.ActiveCfg = Debug|Any CPU
		{5586A8C8-258C-41F7-9E3A-139AD9810BD0}.Debug|Any CPU.Build.0 = Debug|Any CPU
		{5586A8C8-258C-41F7-9E3A-139AD9810BD0}.Release|Any CPU.ActiveCfg = Release|Any CPU
		{5586A8C8-258C-41F7-9E3A-139AD9810BD0}.Release|Any CPU.Build.0 = Release|Any CPU
		{B1971404-92E7-4518-8027-572976CB2FAE}.Debug|Any CPU.ActiveCfg = Debug|Any CPU
		{B1971404-92E7-4518-8027-572976CB2FAE}.Debug|Any CPU.Build.0 = Debug|Any CPU
		{B1971404-92E7-4518-8027-572976CB2FAE}.Release|Any CPU.ActiveCfg = Release|Any CPU
		{B1971404-92E7-4518-8027-572976CB2FAE}.Release|Any CPU.Build.0 = Release|Any CPU
		{EB22D7CE-D4A9-4C8A-8C23-82378D43375E}.Debug|Any CPU.ActiveCfg = Debug|Any CPU
		{EB22D7CE-D4A9-4C8A-8C23-82378D43375E}.Debug|Any CPU.Build.0 = Debug|Any CPU
		{EB22D7CE-D4A9-4C8A-8C23-82378D43375E}.Release|Any CPU.ActiveCfg = Release|Any CPU
		{EB22D7CE-D4A9-4C8A-8C23-82378D43375E}.Release|Any CPU.Build.0 = Release|Any CPU
		{D32B13DF-1BF9-4406-A819-2D4B1D8E0164}.Debug|Any CPU.ActiveCfg = Debug|Any CPU
		{D32B13DF-1BF9-4406-A819-2D4B1D8E0164}.Debug|Any CPU.Build.0 = Debug|Any CPU
		{D32B13DF-1BF9-4406-A819-2D4B1D8E0164}.Release|Any CPU.ActiveCfg = Release|Any CPU
		{D32B13DF-1BF9-4406-A819-2D4B1D8E0164}.Release|Any CPU.Build.0 = Release|Any CPU
		{4D484720-3F85-4D0D-8EC2-A304F30890B8}.Debug|Any CPU.ActiveCfg = Debug|Any CPU
		{4D484720-3F85-4D0D-8EC2-A304F30890B8}.Debug|Any CPU.Build.0 = Debug|Any CPU
		{4D484720-3F85-4D0D-8EC2-A304F30890B8}.Release|Any CPU.ActiveCfg = Release|Any CPU
		{4D484720-3F85-4D0D-8EC2-A304F30890B8}.Release|Any CPU.Build.0 = Release|Any CPU
		{5AF06233-A0CA-4693-84BF-4D9C8AF0E9DB}.Debug|Any CPU.ActiveCfg = Debug|Any CPU
		{5AF06233-A0CA-4693-84BF-4D9C8AF0E9DB}.Debug|Any CPU.Build.0 = Debug|Any CPU
		{5AF06233-A0CA-4693-84BF-4D9C8AF0E9DB}.Release|Any CPU.ActiveCfg = Release|Any CPU
		{5AF06233-A0CA-4693-84BF-4D9C8AF0E9DB}.Release|Any CPU.Build.0 = Release|Any CPU
		{90374F64-53C1-43DD-9FEC-D4594055947E}.Debug|Any CPU.ActiveCfg = Debug|Any CPU
		{90374F64-53C1-43DD-9FEC-D4594055947E}.Debug|Any CPU.Build.0 = Debug|Any CPU
		{90374F64-53C1-43DD-9FEC-D4594055947E}.Release|Any CPU.ActiveCfg = Release|Any CPU
		{90374F64-53C1-43DD-9FEC-D4594055947E}.Release|Any CPU.Build.0 = Release|Any CPU
		{2BB0C51B-6860-444F-88CF-2051646A238E}.Debug|Any CPU.ActiveCfg = Debug|Any CPU
		{2BB0C51B-6860-444F-88CF-2051646A238E}.Debug|Any CPU.Build.0 = Debug|Any CPU
		{2BB0C51B-6860-444F-88CF-2051646A238E}.Release|Any CPU.ActiveCfg = Release|Any CPU
		{2BB0C51B-6860-444F-88CF-2051646A238E}.Release|Any CPU.Build.0 = Release|Any CPU
		{360CDBD0-DA52-4CDB-B342-F4043427C8D9}.Debug|Any CPU.ActiveCfg = Debug|Any CPU
		{360CDBD0-DA52-4CDB-B342-F4043427C8D9}.Debug|Any CPU.Build.0 = Debug|Any CPU
		{360CDBD0-DA52-4CDB-B342-F4043427C8D9}.Release|Any CPU.ActiveCfg = Release|Any CPU
		{360CDBD0-DA52-4CDB-B342-F4043427C8D9}.Release|Any CPU.Build.0 = Release|Any CPU
		{A3181C89-8686-420C-8500-1E32B8309F12}.Debug|Any CPU.ActiveCfg = Debug|Any CPU
		{A3181C89-8686-420C-8500-1E32B8309F12}.Debug|Any CPU.Build.0 = Debug|Any CPU
		{A3181C89-8686-420C-8500-1E32B8309F12}.Release|Any CPU.ActiveCfg = Release|Any CPU
		{A3181C89-8686-420C-8500-1E32B8309F12}.Release|Any CPU.Build.0 = Release|Any CPU
		{D9B76DA4-C46E-4563-AB84-A25B93CC4E49}.Debug|Any CPU.ActiveCfg = Debug|Any CPU
		{D9B76DA4-C46E-4563-AB84-A25B93CC4E49}.Debug|Any CPU.Build.0 = Debug|Any CPU
		{D9B76DA4-C46E-4563-AB84-A25B93CC4E49}.Release|Any CPU.ActiveCfg = Release|Any CPU
		{D9B76DA4-C46E-4563-AB84-A25B93CC4E49}.Release|Any CPU.Build.0 = Release|Any CPU
		{EA45A083-5E40-40D3-8041-5544AA037C1C}.Debug|Any CPU.ActiveCfg = Debug|Any CPU
		{EA45A083-5E40-40D3-8041-5544AA037C1C}.Debug|Any CPU.Build.0 = Debug|Any CPU
		{EA45A083-5E40-40D3-8041-5544AA037C1C}.Release|Any CPU.ActiveCfg = Release|Any CPU
		{EA45A083-5E40-40D3-8041-5544AA037C1C}.Release|Any CPU.Build.0 = Release|Any CPU
		{E9832632-4A39-4BF3-B4A8-E91850E9C47B}.Debug|Any CPU.ActiveCfg = Debug|Any CPU
		{E9832632-4A39-4BF3-B4A8-E91850E9C47B}.Debug|Any CPU.Build.0 = Debug|Any CPU
		{E9832632-4A39-4BF3-B4A8-E91850E9C47B}.Release|Any CPU.ActiveCfg = Release|Any CPU
		{E9832632-4A39-4BF3-B4A8-E91850E9C47B}.Release|Any CPU.Build.0 = Release|Any CPU
		{B8997EDA-7A59-4AF9-99F8-6E4140B14684}.Debug|Any CPU.ActiveCfg = Debug|Any CPU
		{B8997EDA-7A59-4AF9-99F8-6E4140B14684}.Debug|Any CPU.Build.0 = Debug|Any CPU
		{B8997EDA-7A59-4AF9-99F8-6E4140B14684}.Release|Any CPU.ActiveCfg = Release|Any CPU
		{B8997EDA-7A59-4AF9-99F8-6E4140B14684}.Release|Any CPU.Build.0 = Release|Any CPU
		{F72639BB-A3FD-4930-9805-89529501D4E4}.Debug|Any CPU.ActiveCfg = Debug|Any CPU
		{F72639BB-A3FD-4930-9805-89529501D4E4}.Debug|Any CPU.Build.0 = Debug|Any CPU
		{F72639BB-A3FD-4930-9805-89529501D4E4}.Release|Any CPU.ActiveCfg = Release|Any CPU
		{F72639BB-A3FD-4930-9805-89529501D4E4}.Release|Any CPU.Build.0 = Release|Any CPU
		{4CFE2B0F-534B-463B-8AFD-F997CCD2E62E}.Debug|Any CPU.ActiveCfg = Debug|Any CPU
		{4CFE2B0F-534B-463B-8AFD-F997CCD2E62E}.Debug|Any CPU.Build.0 = Debug|Any CPU
		{4CFE2B0F-534B-463B-8AFD-F997CCD2E62E}.Release|Any CPU.ActiveCfg = Release|Any CPU
		{4CFE2B0F-534B-463B-8AFD-F997CCD2E62E}.Release|Any CPU.Build.0 = Release|Any CPU
		{12C662E6-6A9F-47C2-A06B-43EBF2254496}.Debug|Any CPU.ActiveCfg = Debug|Any CPU
		{12C662E6-6A9F-47C2-A06B-43EBF2254496}.Debug|Any CPU.Build.0 = Debug|Any CPU
		{12C662E6-6A9F-47C2-A06B-43EBF2254496}.Release|Any CPU.ActiveCfg = Release|Any CPU
		{12C662E6-6A9F-47C2-A06B-43EBF2254496}.Release|Any CPU.Build.0 = Release|Any CPU
		{708AA9AB-57D5-493A-93FB-5D5B9756E48B}.Debug|Any CPU.ActiveCfg = Debug|Any CPU
		{708AA9AB-57D5-493A-93FB-5D5B9756E48B}.Debug|Any CPU.Build.0 = Debug|Any CPU
		{708AA9AB-57D5-493A-93FB-5D5B9756E48B}.Release|Any CPU.ActiveCfg = Release|Any CPU
		{708AA9AB-57D5-493A-93FB-5D5B9756E48B}.Release|Any CPU.Build.0 = Release|Any CPU
		{CE84EF4E-3D7D-42CD-A749-CD39C43CE43D}.Debug|Any CPU.ActiveCfg = Debug|Any CPU
		{CE84EF4E-3D7D-42CD-A749-CD39C43CE43D}.Debug|Any CPU.Build.0 = Debug|Any CPU
		{CE84EF4E-3D7D-42CD-A749-CD39C43CE43D}.Release|Any CPU.ActiveCfg = Release|Any CPU
		{CE84EF4E-3D7D-42CD-A749-CD39C43CE43D}.Release|Any CPU.Build.0 = Release|Any CPU
		{A9B0DAF8-6145-4C86-97AA-8A1766285D5C}.Debug|Any CPU.ActiveCfg = Debug|Any CPU
		{A9B0DAF8-6145-4C86-97AA-8A1766285D5C}.Debug|Any CPU.Build.0 = Debug|Any CPU
		{A9B0DAF8-6145-4C86-97AA-8A1766285D5C}.Release|Any CPU.ActiveCfg = Release|Any CPU
		{A9B0DAF8-6145-4C86-97AA-8A1766285D5C}.Release|Any CPU.Build.0 = Release|Any CPU
		{DFADA7DD-E390-4434-A638-70173BFF2531}.Debug|Any CPU.ActiveCfg = Debug|Any CPU
		{DFADA7DD-E390-4434-A638-70173BFF2531}.Debug|Any CPU.Build.0 = Debug|Any CPU
		{DFADA7DD-E390-4434-A638-70173BFF2531}.Release|Any CPU.ActiveCfg = Release|Any CPU
		{DFADA7DD-E390-4434-A638-70173BFF2531}.Release|Any CPU.Build.0 = Release|Any CPU
		{BA64DE03-F745-4CB5-A85B-AE6A2D7111BD}.Debug|Any CPU.ActiveCfg = Debug|Any CPU
		{BA64DE03-F745-4CB5-A85B-AE6A2D7111BD}.Debug|Any CPU.Build.0 = Debug|Any CPU
		{BA64DE03-F745-4CB5-A85B-AE6A2D7111BD}.Release|Any CPU.ActiveCfg = Release|Any CPU
		{BA64DE03-F745-4CB5-A85B-AE6A2D7111BD}.Release|Any CPU.Build.0 = Release|Any CPU
		{AFD8FA34-3BC3-42DD-8BB4-E518337CE762}.Debug|Any CPU.ActiveCfg = Debug|Any CPU
		{AFD8FA34-3BC3-42DD-8BB4-E518337CE762}.Debug|Any CPU.Build.0 = Debug|Any CPU
		{AFD8FA34-3BC3-42DD-8BB4-E518337CE762}.Release|Any CPU.ActiveCfg = Release|Any CPU
		{AFD8FA34-3BC3-42DD-8BB4-E518337CE762}.Release|Any CPU.Build.0 = Release|Any CPU
		{D2452FA7-5EC7-4444-AA95-21DDD94E525B}.Debug|Any CPU.ActiveCfg = Debug|Any CPU
		{D2452FA7-5EC7-4444-AA95-21DDD94E525B}.Debug|Any CPU.Build.0 = Debug|Any CPU
		{D2452FA7-5EC7-4444-AA95-21DDD94E525B}.Release|Any CPU.ActiveCfg = Release|Any CPU
		{D2452FA7-5EC7-4444-AA95-21DDD94E525B}.Release|Any CPU.Build.0 = Release|Any CPU
		{25A8503A-F814-47E2-A552-575539B1FE8B}.Debug|Any CPU.ActiveCfg = Debug|Any CPU
		{25A8503A-F814-47E2-A552-575539B1FE8B}.Debug|Any CPU.Build.0 = Debug|Any CPU
		{25A8503A-F814-47E2-A552-575539B1FE8B}.Release|Any CPU.ActiveCfg = Release|Any CPU
		{25A8503A-F814-47E2-A552-575539B1FE8B}.Release|Any CPU.Build.0 = Release|Any CPU
		{C0FA821A-228C-403B-A05E-A917D2287D7D}.Debug|Any CPU.ActiveCfg = Debug|Any CPU
		{C0FA821A-228C-403B-A05E-A917D2287D7D}.Debug|Any CPU.Build.0 = Debug|Any CPU
		{C0FA821A-228C-403B-A05E-A917D2287D7D}.Release|Any CPU.ActiveCfg = Release|Any CPU
		{C0FA821A-228C-403B-A05E-A917D2287D7D}.Release|Any CPU.Build.0 = Release|Any CPU
		{89672960-EC8B-4CE4-9A82-18CC323523C0}.Debug|Any CPU.ActiveCfg = Debug|Any CPU
		{89672960-EC8B-4CE4-9A82-18CC323523C0}.Debug|Any CPU.Build.0 = Debug|Any CPU
		{89672960-EC8B-4CE4-9A82-18CC323523C0}.Release|Any CPU.ActiveCfg = Release|Any CPU
		{89672960-EC8B-4CE4-9A82-18CC323523C0}.Release|Any CPU.Build.0 = Release|Any CPU
		{CBD39C27-67F9-4125-933A-45F077345A05}.Debug|Any CPU.ActiveCfg = Debug|Any CPU
		{CBD39C27-67F9-4125-933A-45F077345A05}.Debug|Any CPU.Build.0 = Debug|Any CPU
		{CBD39C27-67F9-4125-933A-45F077345A05}.Release|Any CPU.ActiveCfg = Release|Any CPU
		{CBD39C27-67F9-4125-933A-45F077345A05}.Release|Any CPU.Build.0 = Release|Any CPU
		{BADAF8DB-9496-4F12-AE89-480A9879336E}.Debug|Any CPU.ActiveCfg = Debug|Any CPU
		{BADAF8DB-9496-4F12-AE89-480A9879336E}.Debug|Any CPU.Build.0 = Debug|Any CPU
		{BADAF8DB-9496-4F12-AE89-480A9879336E}.Release|Any CPU.ActiveCfg = Release|Any CPU
		{BADAF8DB-9496-4F12-AE89-480A9879336E}.Release|Any CPU.Build.0 = Release|Any CPU
	EndGlobalSection
	GlobalSection(SolutionProperties) = preSolution
		HideSolutionNode = FALSE
	EndGlobalSection
	GlobalSection(NestedProjects) = preSolution
		{5586A8C8-258C-41F7-9E3A-139AD9810BD0} = {43A6295D-7C45-49AB-B35A-E2E4C0A050E8}
		{B1971404-92E7-4518-8027-572976CB2FAE} = {41D86DEF-3CED-4F43-B9F8-AF421EB8CA24}
		{EB22D7CE-D4A9-4C8A-8C23-82378D43375E} = {43A6295D-7C45-49AB-B35A-E2E4C0A050E8}
		{D32B13DF-1BF9-4406-A819-2D4B1D8E0164} = {43A6295D-7C45-49AB-B35A-E2E4C0A050E8}
		{4D484720-3F85-4D0D-8EC2-A304F30890B8} = {43A6295D-7C45-49AB-B35A-E2E4C0A050E8}
		{5AF06233-A0CA-4693-84BF-4D9C8AF0E9DB} = {41D86DEF-3CED-4F43-B9F8-AF421EB8CA24}
		{4E7F8A33-6622-45F1-90AC-2AC95309ED13} = {84F7DD11-0343-43FC-940B-5D33C3328D55}
		{90374F64-53C1-43DD-9FEC-D4594055947E} = {4E7F8A33-6622-45F1-90AC-2AC95309ED13}
		{2BB0C51B-6860-444F-88CF-2051646A238E} = {4E7F8A33-6622-45F1-90AC-2AC95309ED13}
		{360CDBD0-DA52-4CDB-B342-F4043427C8D9} = {4E7F8A33-6622-45F1-90AC-2AC95309ED13}
		{A3181C89-8686-420C-8500-1E32B8309F12} = {4E7F8A33-6622-45F1-90AC-2AC95309ED13}
		{D9B76DA4-C46E-4563-AB84-A25B93CC4E49} = {4E7F8A33-6622-45F1-90AC-2AC95309ED13}
		{EA45A083-5E40-40D3-8041-5544AA037C1C} = {4E7F8A33-6622-45F1-90AC-2AC95309ED13}
		{E9832632-4A39-4BF3-B4A8-E91850E9C47B} = {43A6295D-7C45-49AB-B35A-E2E4C0A050E8}
		{B8997EDA-7A59-4AF9-99F8-6E4140B14684} = {41D86DEF-3CED-4F43-B9F8-AF421EB8CA24}
		{F72639BB-A3FD-4930-9805-89529501D4E4} = {41D86DEF-3CED-4F43-B9F8-AF421EB8CA24}
		{4CFE2B0F-534B-463B-8AFD-F997CCD2E62E} = {43A6295D-7C45-49AB-B35A-E2E4C0A050E8}
		{12C662E6-6A9F-47C2-A06B-43EBF2254496} = {41D86DEF-3CED-4F43-B9F8-AF421EB8CA24}
		{708AA9AB-57D5-493A-93FB-5D5B9756E48B} = {0564F7F7-BF4A-46E5-A545-40FD729FF63A}
		{CE84EF4E-3D7D-42CD-A749-CD39C43CE43D} = {0564F7F7-BF4A-46E5-A545-40FD729FF63A}
		{A9B0DAF8-6145-4C86-97AA-8A1766285D5C} = {0564F7F7-BF4A-46E5-A545-40FD729FF63A}
		{43A6295D-7C45-49AB-B35A-E2E4C0A050E8} = {69F5031D-4FF2-4064-9CF9-4BCAED38B053}
		{41D86DEF-3CED-4F43-B9F8-AF421EB8CA24} = {69F5031D-4FF2-4064-9CF9-4BCAED38B053}
		{84F7DD11-0343-43FC-940B-5D33C3328D55} = {69F5031D-4FF2-4064-9CF9-4BCAED38B053}
		{0564F7F7-BF4A-46E5-A545-40FD729FF63A} = {2CE8C0F4-48B4-4380-BAD1-E1AED5463BB2}
		{C4A4BE1C-25E6-4968-A1A8-AAB1B0950354} = {2CE8C0F4-48B4-4380-BAD1-E1AED5463BB2}
		{DFADA7DD-E390-4434-A638-70173BFF2531} = {C4A4BE1C-25E6-4968-A1A8-AAB1B0950354}
		{BA64DE03-F745-4CB5-A85B-AE6A2D7111BD} = {C4A4BE1C-25E6-4968-A1A8-AAB1B0950354}
		{AFD8FA34-3BC3-42DD-8BB4-E518337CE762} = {C4A4BE1C-25E6-4968-A1A8-AAB1B0950354}
		{D2452FA7-5EC7-4444-AA95-21DDD94E525B} = {C4A4BE1C-25E6-4968-A1A8-AAB1B0950354}
		{25A8503A-F814-47E2-A552-575539B1FE8B} = {0564F7F7-BF4A-46E5-A545-40FD729FF63A}
		{C0FA821A-228C-403B-A05E-A917D2287D7D} = {0564F7F7-BF4A-46E5-A545-40FD729FF63A}
		{89672960-EC8B-4CE4-9A82-18CC323523C0} = {0564F7F7-BF4A-46E5-A545-40FD729FF63A}
		{CBD39C27-67F9-4125-933A-45F077345A05} = {0564F7F7-BF4A-46E5-A545-40FD729FF63A}
		{BADAF8DB-9496-4F12-AE89-480A9879336E} = {0564F7F7-BF4A-46E5-A545-40FD729FF63A}
	EndGlobalSection
	GlobalSection(ExtensibilityGlobals) = postSolution
		SolutionGuid = {A8ABB718-B200-438A-8C51-18280C33E805}
	EndGlobalSection
EndGlobal
